// !$*UTF8*$!
{
	archiveVersion = 1;
	classes = {
	};
	objectVersion = 42;
	objects = {

/* Begin PBXAggregateTarget section */
		422D46201219DEFF003FD94D /* all */ = {
			isa = PBXAggregateTarget;
			buildConfigurationList = 422D46371219DF1D003FD94D /* Build configuration list for PBXAggregateTarget "all" */;
			buildPhases = (
			);
			dependencies = (
				422D462A1219DF08003FD94D /* PBXTargetDependency */,
				422D46281219DF08003FD94D /* PBXTargetDependency */,
				422D46261219DF08003FD94D /* PBXTargetDependency */,
				422D46241219DF08003FD94D /* PBXTargetDependency */,
			);
			name = all;
			productName = all;
		};
/* End PBXAggregateTarget section */

/* Begin PBXBuildFile section */
		421ACF4A1170DFC300C2EB85 /* main.cpp in Sources */ = {isa = PBXBuildFile; fileRef = 421ACF2B1170DEC400C2EB85 /* main.cpp */; };
		421ACF7E1170E5CA00C2EB85 /* libboost_program_options-mt.a in Frameworks */ = {isa = PBXBuildFile; fileRef = 421ACF7D1170E5CA00C2EB85 /* libboost_program_options-mt.a */; };
		421ACFAD1170F05500C2EB85 /* libz.a in Frameworks */ = {isa = PBXBuildFile; fileRef = 421ACFAC1170F05500C2EB85 /* libz.a */; };
		426DFDEA11F4AE1E006ABE77 /* genome_diff.cpp in Sources */ = {isa = PBXBuildFile; fileRef = 426DFDE911F4AE1E006ABE77 /* genome_diff.cpp */; };
		42B6ED6711C687880075F8A3 /* libbam.a in Frameworks */ = {isa = PBXBuildFile; fileRef = 421ACF571170E00A00C2EB85 /* libbam.a */; };
		42B6ED6911C6879B0075F8A3 /* libbreseq.a in Frameworks */ = {isa = PBXBuildFile; fileRef = 42BA690C1189B7FD000B00B1 /* libbreseq.a */; };
		42B6ED8511C6893C0075F8A3 /* alignment.cpp in Sources */ = {isa = PBXBuildFile; fileRef = 42B6ED8311C6893C0075F8A3 /* alignment.cpp */; };
		42B6ED8611C6893C0075F8A3 /* pileup_base.cpp in Sources */ = {isa = PBXBuildFile; fileRef = 42B6ED8411C6893C0075F8A3 /* pileup_base.cpp */; };
		42B6EDC111C69CC70075F8A3 /* libbreseq.a in Frameworks */ = {isa = PBXBuildFile; fileRef = 42BA690C1189B7FD000B00B1 /* libbreseq.a */; };
		42B6EDC211C69CC70075F8A3 /* libbam.a in Frameworks */ = {isa = PBXBuildFile; fileRef = 421ACF571170E00A00C2EB85 /* libbam.a */; };
		42B6EDC311C69CC70075F8A3 /* libboost_program_options-mt.a in Frameworks */ = {isa = PBXBuildFile; fileRef = 421ACF7D1170E5CA00C2EB85 /* libboost_program_options-mt.a */; };
		42B6EDC411C69CC70075F8A3 /* libz.a in Frameworks */ = {isa = PBXBuildFile; fileRef = 421ACFAC1170F05500C2EB85 /* libz.a */; };
		42B6EDCE11C69D6E0075F8A3 /* main.cpp in Sources */ = {isa = PBXBuildFile; fileRef = 42B6EDAC11C69CA70075F8A3 /* main.cpp */; };
		42B6EDE411C6A3460075F8A3 /* error_count.cpp in Sources */ = {isa = PBXBuildFile; fileRef = 42B6EDE311C6A3460075F8A3 /* error_count.cpp */; };
		42B6EDEF11C6A40E0075F8A3 /* identify_mutations.cpp in Sources */ = {isa = PBXBuildFile; fileRef = 42B6EDEE11C6A40E0075F8A3 /* identify_mutations.cpp */; };
		42BA690F1189B819000B00B1 /* pileup.cpp in Sources */ = {isa = PBXBuildFile; fileRef = 42BA69071189B7D1000B00B1 /* pileup.cpp */; };
		42BC999C11F79449005D03AB /* libboost_serialization-mt.a in Frameworks */ = {isa = PBXBuildFile; fileRef = 42BC999B11F79449005D03AB /* libboost_serialization-mt.a */; };
/* End PBXBuildFile section */

/* Begin PBXContainerItemProxy section */
		421ACF601170E07C00C2EB85 /* PBXContainerItemProxy */ = {
			isa = PBXContainerItemProxy;
			containerPortal = 421ACEB71170DB9600C2EB85 /* Project object */;
			proxyType = 1;
			remoteGlobalIDString = 421ACF201170DC4400C2EB85;
			remoteInfo = samtools;
		};
		422D46231219DF08003FD94D /* PBXContainerItemProxy */ = {
			isa = PBXContainerItemProxy;
			containerPortal = 421ACEB71170DB9600C2EB85 /* Project object */;
			proxyType = 1;
			remoteGlobalIDString = 42BA690B1189B7FD000B00B1;
			remoteInfo = breseq;
		};
		422D46251219DF08003FD94D /* PBXContainerItemProxy */ = {
			isa = PBXContainerItemProxy;
			containerPortal = 421ACEB71170DB9600C2EB85 /* Project object */;
			proxyType = 1;
			remoteGlobalIDString = 421ACF2E1170DF1800C2EB85;
			remoteInfo = error_count;
		};
		422D46271219DF08003FD94D /* PBXContainerItemProxy */ = {
			isa = PBXContainerItemProxy;
			containerPortal = 421ACEB71170DB9600C2EB85 /* Project object */;
			proxyType = 1;
			remoteGlobalIDString = 42B6EDB811C69CC70075F8A3;
			remoteInfo = identify_mutations;
		};
		422D46291219DF08003FD94D /* PBXContainerItemProxy */ = {
			isa = PBXContainerItemProxy;
			containerPortal = 421ACEB71170DB9600C2EB85 /* Project object */;
			proxyType = 1;
			remoteGlobalIDString = 421ACF201170DC4400C2EB85;
			remoteInfo = samtools;
		};
		42B6EDBA11C69CC70075F8A3 /* PBXContainerItemProxy */ = {
			isa = PBXContainerItemProxy;
			containerPortal = 421ACEB71170DB9600C2EB85 /* Project object */;
			proxyType = 1;
			remoteGlobalIDString = 421ACF201170DC4400C2EB85;
			remoteInfo = samtools;
		};
		42B6EDBC11C69CC70075F8A3 /* PBXContainerItemProxy */ = {
			isa = PBXContainerItemProxy;
			containerPortal = 421ACEB71170DB9600C2EB85 /* Project object */;
			proxyType = 1;
			remoteGlobalIDString = 42BA690B1189B7FD000B00B1;
			remoteInfo = breseq;
		};
		42BA691B1189B877000B00B1 /* PBXContainerItemProxy */ = {
			isa = PBXContainerItemProxy;
			containerPortal = 421ACEB71170DB9600C2EB85 /* Project object */;
			proxyType = 1;
			remoteGlobalIDString = 42BA690B1189B7FD000B00B1;
			remoteInfo = breseq;
		};
/* End PBXContainerItemProxy section */

/* Begin PBXFileReference section */
		4207D7ED121C804A00C4D41B /* AlignmentCorrection.pm */ = {isa = PBXFileReference; fileEncoding = 4; lastKnownFileType = text.script.perl; path = AlignmentCorrection.pm; sourceTree = "<group>"; };
		4207D7EE121C804A00C4D41B /* AlignmentOutput.pm */ = {isa = PBXFileReference; fileEncoding = 4; lastKnownFileType = text.script.perl; path = AlignmentOutput.pm; sourceTree = "<group>"; };
		4207D7EF121C804A00C4D41B /* breseq.png */ = {isa = PBXFileReference; lastKnownFileType = image.png; path = breseq.png; sourceTree = "<group>"; };
		4207D7F0121C804A00C4D41B /* breseq_small.png */ = {isa = PBXFileReference; lastKnownFileType = image.png; path = breseq_small.png; sourceTree = "<group>"; };
		4207D7F1121C804A00C4D41B /* CandidateJunctions.pm */ = {isa = PBXFileReference; fileEncoding = 4; lastKnownFileType = text.script.perl; path = CandidateJunctions.pm; sourceTree = "<group>"; };
		4207D7F2121C804A00C4D41B /* CoverageOutput.pm */ = {isa = PBXFileReference; fileEncoding = 4; lastKnownFileType = text.script.perl; path = CoverageOutput.pm; sourceTree = "<group>"; };
		4207D7F3121C804A00C4D41B /* ErrorCalibration.pm */ = {isa = PBXFileReference; fileEncoding = 4; lastKnownFileType = text.script.perl; path = ErrorCalibration.pm; sourceTree = "<group>"; };
		4207D7F4121C804A00C4D41B /* Fastq.pm */ = {isa = PBXFileReference; fileEncoding = 4; lastKnownFileType = text.script.perl; path = Fastq.pm; sourceTree = "<group>"; };
		4207D7F5121C804A00C4D41B /* GenomeDiff.pm */ = {isa = PBXFileReference; fileEncoding = 4; lastKnownFileType = text.script.perl; path = GenomeDiff.pm; sourceTree = "<group>"; };
		4207D7F6121C804A00C4D41B /* MutationIdentification.pm */ = {isa = PBXFileReference; fileEncoding = 4; lastKnownFileType = text.script.perl; path = MutationIdentification.pm; sourceTree = "<group>"; };
		4207D7F7121C804A00C4D41B /* MutationPredictor.pm */ = {isa = PBXFileReference; fileEncoding = 4; lastKnownFileType = text.script.perl; path = MutationPredictor.pm; sourceTree = "<group>"; };
		4207D7F8121C804A00C4D41B /* Output.pm */ = {isa = PBXFileReference; fileEncoding = 4; lastKnownFileType = text.script.perl; path = Output.pm; sourceTree = "<group>"; };
		4207D7F9121C804A00C4D41B /* plot_coverage.r */ = {isa = PBXFileReference; fileEncoding = 4; lastKnownFileType = sourcecode.rez; path = plot_coverage.r; sourceTree = "<group>"; };
		4207D7FA121C804A00C4D41B /* plot_error_rate.r */ = {isa = PBXFileReference; fileEncoding = 4; lastKnownFileType = sourcecode.rez; path = plot_error_rate.r; sourceTree = "<group>"; };
		4207D7FB121C804A00C4D41B /* polymorphism_statistics.r */ = {isa = PBXFileReference; fileEncoding = 4; lastKnownFileType = sourcecode.rez; path = polymorphism_statistics.r; sourceTree = "<group>"; };
		4207D7FC121C804A00C4D41B /* ReferenceSequence.pm */ = {isa = PBXFileReference; fileEncoding = 4; lastKnownFileType = text.script.perl; path = ReferenceSequence.pm; sourceTree = "<group>"; };
		4207D7FD121C804A00C4D41B /* Settings.pm */ = {isa = PBXFileReference; fileEncoding = 4; lastKnownFileType = text.script.perl; path = Settings.pm; sourceTree = "<group>"; };
		4207D7FE121C804A00C4D41B /* Shared.pm */ = {isa = PBXFileReference; fileEncoding = 4; lastKnownFileType = text.script.perl; path = Shared.pm; sourceTree = "<group>"; };
		421ACF2B1170DEC400C2EB85 /* main.cpp */ = {isa = PBXFileReference; fileEncoding = 4; lastKnownFileType = sourcecode.cpp.cpp; path = main.cpp; sourceTree = "<group>"; };
		421ACF2F1170DF1800C2EB85 /* error_count */ = {isa = PBXFileReference; explicitFileType = "compiled.mach-o.executable"; includeInIndex = 0; path = error_count; sourceTree = BUILT_PRODUCTS_DIR; };
		421ACF361170DF3F00C2EB85 /* debug.xcconfig */ = {isa = PBXFileReference; fileEncoding = 4; lastKnownFileType = text.xcconfig; path = debug.xcconfig; sourceTree = "<group>"; };
		421ACF571170E00A00C2EB85 /* libbam.a */ = {isa = PBXFileReference; lastKnownFileType = archive.ar; name = libbam.a; path = "../../extern/samtools-0.1.7a/libbam.a"; sourceTree = SOURCE_ROOT; };
		421ACF7D1170E5CA00C2EB85 /* libboost_program_options-mt.a */ = {isa = PBXFileReference; lastKnownFileType = archive.ar; name = "libboost_program_options-mt.a"; path = "/opt/local/lib/libboost_program_options-mt.a"; sourceTree = "<absolute>"; };
		421ACFAC1170F05500C2EB85 /* libz.a */ = {isa = PBXFileReference; lastKnownFileType = archive.ar; name = libz.a; path = /opt/local/lib/libz.a; sourceTree = "<absolute>"; };
		426DFDE911F4AE1E006ABE77 /* genome_diff.cpp */ = {isa = PBXFileReference; fileEncoding = 4; lastKnownFileType = sourcecode.cpp.cpp; path = genome_diff.cpp; sourceTree = "<group>"; };
		426DFDEB11F4AE33006ABE77 /* genome_diff.h */ = {isa = PBXFileReference; fileEncoding = 4; lastKnownFileType = sourcecode.c.h; path = genome_diff.h; sourceTree = "<group>"; };
		42B6ED8111C689230075F8A3 /* alignment.h */ = {isa = PBXFileReference; fileEncoding = 4; lastKnownFileType = sourcecode.c.h; path = alignment.h; sourceTree = "<group>"; };
		42B6ED8211C689230075F8A3 /* pileup_base.h */ = {isa = PBXFileReference; fileEncoding = 4; lastKnownFileType = sourcecode.c.h; path = pileup_base.h; sourceTree = "<group>"; };
		42B6ED8311C6893C0075F8A3 /* alignment.cpp */ = {isa = PBXFileReference; fileEncoding = 4; lastKnownFileType = sourcecode.cpp.cpp; path = alignment.cpp; sourceTree = "<group>"; };
		42B6ED8411C6893C0075F8A3 /* pileup_base.cpp */ = {isa = PBXFileReference; fileEncoding = 4; lastKnownFileType = sourcecode.cpp.cpp; path = pileup_base.cpp; sourceTree = "<group>"; };
		42B6EDAC11C69CA70075F8A3 /* main.cpp */ = {isa = PBXFileReference; fileEncoding = 4; lastKnownFileType = sourcecode.cpp.cpp; path = main.cpp; sourceTree = "<group>"; };
		42B6EDC811C69CC70075F8A3 /* identify_mutations */ = {isa = PBXFileReference; explicitFileType = "compiled.mach-o.executable"; includeInIndex = 0; path = identify_mutations; sourceTree = BUILT_PRODUCTS_DIR; };
		42B6EDE211C6A3360075F8A3 /* error_count.h */ = {isa = PBXFileReference; fileEncoding = 4; lastKnownFileType = sourcecode.c.h; path = error_count.h; sourceTree = "<group>"; };
		42B6EDE311C6A3460075F8A3 /* error_count.cpp */ = {isa = PBXFileReference; fileEncoding = 4; lastKnownFileType = sourcecode.cpp.cpp; path = error_count.cpp; sourceTree = "<group>"; };
		42B6EDED11C6A3FB0075F8A3 /* identify_mutations.h */ = {isa = PBXFileReference; fileEncoding = 4; lastKnownFileType = sourcecode.c.h; path = identify_mutations.h; sourceTree = "<group>"; };
		42B6EDEE11C6A40E0075F8A3 /* identify_mutations.cpp */ = {isa = PBXFileReference; fileEncoding = 4; lastKnownFileType = sourcecode.cpp.cpp; path = identify_mutations.cpp; sourceTree = "<group>"; };
		42BA69041189B7D1000B00B1 /* common.h */ = {isa = PBXFileReference; fileEncoding = 4; lastKnownFileType = sourcecode.c.h; path = common.h; sourceTree = "<group>"; };
		42BA69051189B7D1000B00B1 /* pileup.h */ = {isa = PBXFileReference; fileEncoding = 4; lastKnownFileType = sourcecode.c.h; path = pileup.h; sourceTree = "<group>"; };
		42BA69071189B7D1000B00B1 /* pileup.cpp */ = {isa = PBXFileReference; fileEncoding = 4; lastKnownFileType = sourcecode.cpp.cpp; path = pileup.cpp; sourceTree = "<group>"; };
		42BA690C1189B7FD000B00B1 /* libbreseq.a */ = {isa = PBXFileReference; explicitFileType = archive.ar; includeInIndex = 0; path = libbreseq.a; sourceTree = BUILT_PRODUCTS_DIR; };
		42BC999B11F79449005D03AB /* libboost_serialization-mt.a */ = {isa = PBXFileReference; lastKnownFileType = archive.ar; name = "libboost_serialization-mt.a"; path = "/opt/local/lib/libboost_serialization-mt.a"; sourceTree = "<absolute>"; };
/* End PBXFileReference section */

/* Begin PBXFrameworksBuildPhase section */
		421ACF2D1170DF1800C2EB85 /* Frameworks */ = {
			isa = PBXFrameworksBuildPhase;
			buildActionMask = 2147483647;
			files = (
				42B6ED6911C6879B0075F8A3 /* libbreseq.a in Frameworks */,
				42B6ED6711C687880075F8A3 /* libbam.a in Frameworks */,
				421ACF7E1170E5CA00C2EB85 /* libboost_program_options-mt.a in Frameworks */,
				421ACFAD1170F05500C2EB85 /* libz.a in Frameworks */,
			);
			runOnlyForDeploymentPostprocessing = 0;
		};
		42B6EDC011C69CC70075F8A3 /* Frameworks */ = {
			isa = PBXFrameworksBuildPhase;
			buildActionMask = 2147483647;
			files = (
				42B6EDC111C69CC70075F8A3 /* libbreseq.a in Frameworks */,
				42B6EDC211C69CC70075F8A3 /* libbam.a in Frameworks */,
				42B6EDC311C69CC70075F8A3 /* libboost_program_options-mt.a in Frameworks */,
				42B6EDC411C69CC70075F8A3 /* libz.a in Frameworks */,
				42BC999C11F79449005D03AB /* libboost_serialization-mt.a in Frameworks */,
			);
			runOnlyForDeploymentPostprocessing = 0;
		};
		42BA690A1189B7FD000B00B1 /* Frameworks */ = {
			isa = PBXFrameworksBuildPhase;
			buildActionMask = 2147483647;
			files = (
			);
			runOnlyForDeploymentPostprocessing = 0;
		};
/* End PBXFrameworksBuildPhase section */

/* Begin PBXGroup section */
		4207D7EC121C804A00C4D41B /* Breseq */ = {
			isa = PBXGroup;
			children = (
				4207D7ED121C804A00C4D41B /* AlignmentCorrection.pm */,
				4207D7EE121C804A00C4D41B /* AlignmentOutput.pm */,
				4207D7EF121C804A00C4D41B /* breseq.png */,
				4207D7F0121C804A00C4D41B /* breseq_small.png */,
				4207D7F1121C804A00C4D41B /* CandidateJunctions.pm */,
				4207D7F2121C804A00C4D41B /* CoverageOutput.pm */,
				4207D7F3121C804A00C4D41B /* ErrorCalibration.pm */,
				4207D7F4121C804A00C4D41B /* Fastq.pm */,
				4207D7F5121C804A00C4D41B /* GenomeDiff.pm */,
				4207D7F6121C804A00C4D41B /* MutationIdentification.pm */,
				4207D7F7121C804A00C4D41B /* MutationPredictor.pm */,
				4207D7F8121C804A00C4D41B /* Output.pm */,
				4207D7F9121C804A00C4D41B /* plot_coverage.r */,
				4207D7FA121C804A00C4D41B /* plot_error_rate.r */,
				4207D7FB121C804A00C4D41B /* polymorphism_statistics.r */,
				4207D7FC121C804A00C4D41B /* ReferenceSequence.pm */,
				4207D7FD121C804A00C4D41B /* Settings.pm */,
				4207D7FE121C804A00C4D41B /* Shared.pm */,
			);
			name = Breseq;
			path = ../perl/Breseq/lib/Breseq;
			sourceTree = SOURCE_ROOT;
		};
		421ACEB51170DB9600C2EB85 = {
			isa = PBXGroup;
			children = (
				4207D7EC121C804A00C4D41B /* Breseq */,
				421ACF351170DF3F00C2EB85 /* etc */,
				421ACF291170DEC400C2EB85 /* error_count */,
				42B6EDA611C69CA70075F8A3 /* identify_mutations */,
				42BA69011189B7D1000B00B1 /* libbreseq */,
				421ACF5F1170E06300C2EB85 /* lib */,
				421ACF301170DF1800C2EB85 /* Products */,
			);
			sourceTree = "<group>";
		};
		421ACF291170DEC400C2EB85 /* error_count */ = {
			isa = PBXGroup;
			children = (
				421ACF2A1170DEC400C2EB85 /* src */,
			);
			path = error_count;
			sourceTree = "<group>";
		};
		421ACF2A1170DEC400C2EB85 /* src */ = {
			isa = PBXGroup;
			children = (
				421ACF2B1170DEC400C2EB85 /* main.cpp */,
			);
			path = src;
			sourceTree = "<group>";
		};
		421ACF301170DF1800C2EB85 /* Products */ = {
			isa = PBXGroup;
			children = (
				421ACF2F1170DF1800C2EB85 /* error_count */,
				42BA690C1189B7FD000B00B1 /* libbreseq.a */,
				42B6EDC811C69CC70075F8A3 /* identify_mutations */,
			);
			name = Products;
			sourceTree = "<group>";
		};
		421ACF351170DF3F00C2EB85 /* etc */ = {
			isa = PBXGroup;
			children = (
				421ACF361170DF3F00C2EB85 /* debug.xcconfig */,
			);
			path = etc;
			sourceTree = "<group>";
		};
		421ACF5F1170E06300C2EB85 /* lib */ = {
			isa = PBXGroup;
			children = (
				421ACFAC1170F05500C2EB85 /* libz.a */,
				421ACF7D1170E5CA00C2EB85 /* libboost_program_options-mt.a */,
				42BC999B11F79449005D03AB /* libboost_serialization-mt.a */,
				421ACF571170E00A00C2EB85 /* libbam.a */,
			);
			name = lib;
			sourceTree = "<group>";
		};
		42B6EDA611C69CA70075F8A3 /* identify_mutations */ = {
			isa = PBXGroup;
			children = (
				42B6EDAA11C69CA70075F8A3 /* src */,
			);
			path = identify_mutations;
			sourceTree = "<group>";
		};
		42B6EDAA11C69CA70075F8A3 /* src */ = {
			isa = PBXGroup;
			children = (
				42B6EDAC11C69CA70075F8A3 /* main.cpp */,
			);
			path = src;
			sourceTree = "<group>";
		};
		42BA69011189B7D1000B00B1 /* libbreseq */ = {
			isa = PBXGroup;
			children = (
				42BA69021189B7D1000B00B1 /* include */,
				42BA69061189B7D1000B00B1 /* src */,
			);
			path = libbreseq;
			sourceTree = "<group>";
		};
		42BA69021189B7D1000B00B1 /* include */ = {
			isa = PBXGroup;
			children = (
				42BA69031189B7D1000B00B1 /* breseq */,
			);
			path = include;
			sourceTree = "<group>";
		};
		42BA69031189B7D1000B00B1 /* breseq */ = {
			isa = PBXGroup;
			children = (
				42B6ED8111C689230075F8A3 /* alignment.h */,
				42BA69041189B7D1000B00B1 /* common.h */,
				42B6EDE211C6A3360075F8A3 /* error_count.h */,
				426DFDEB11F4AE33006ABE77 /* genome_diff.h */,
				42B6EDED11C6A3FB0075F8A3 /* identify_mutations.h */,
				42BA69051189B7D1000B00B1 /* pileup.h */,
				42B6ED8211C689230075F8A3 /* pileup_base.h */,
			);
			path = breseq;
			sourceTree = "<group>";
		};
		42BA69061189B7D1000B00B1 /* src */ = {
			isa = PBXGroup;
			children = (
				42B6ED8311C6893C0075F8A3 /* alignment.cpp */,
				42B6EDE311C6A3460075F8A3 /* error_count.cpp */,
				426DFDE911F4AE1E006ABE77 /* genome_diff.cpp */,
				42B6EDEE11C6A40E0075F8A3 /* identify_mutations.cpp */,
				42BA69071189B7D1000B00B1 /* pileup.cpp */,
				42B6ED8411C6893C0075F8A3 /* pileup_base.cpp */,
			);
			path = src;
			sourceTree = "<group>";
		};
/* End PBXGroup section */

/* Begin PBXHeadersBuildPhase section */
		42BA69081189B7FD000B00B1 /* Headers */ = {
			isa = PBXHeadersBuildPhase;
			buildActionMask = 2147483647;
			files = (
			);
			runOnlyForDeploymentPostprocessing = 0;
		};
/* End PBXHeadersBuildPhase section */

/* Begin PBXLegacyTarget section */
		421ACF201170DC4400C2EB85 /* samtools */ = {
			isa = PBXLegacyTarget;
			buildArgumentsString = "$(ACTION)";
			buildConfigurationList = 421ACF251170DC6C00C2EB85 /* Build configuration list for PBXLegacyTarget "samtools" */;
			buildPhases = (
			);
			buildToolPath = /usr/bin/make;
			buildWorkingDirectory = "$(PROJECT_DIR)/../../extern/samtools-0.1.7a";
			dependencies = (
			);
			name = samtools;
			passBuildSettingsInEnvironment = 1;
			productName = samtools;
		};
/* End PBXLegacyTarget section */

/* Begin PBXNativeTarget section */
		421ACF2E1170DF1800C2EB85 /* error_count */ = {
			isa = PBXNativeTarget;
			buildConfigurationList = 421ACF341170DF1800C2EB85 /* Build configuration list for PBXNativeTarget "error_count" */;
			buildPhases = (
				421ACF2C1170DF1800C2EB85 /* Sources */,
				421ACF2D1170DF1800C2EB85 /* Frameworks */,
			);
			buildRules = (
			);
			dependencies = (
				421ACF611170E07C00C2EB85 /* PBXTargetDependency */,
				42BA691C1189B877000B00B1 /* PBXTargetDependency */,
			);
			name = error_count;
			productName = error_count;
			productReference = 421ACF2F1170DF1800C2EB85 /* error_count */;
			productType = "com.apple.product-type.tool";
		};
		42B6EDB811C69CC70075F8A3 /* identify_mutations */ = {
			isa = PBXNativeTarget;
			buildConfigurationList = 42B6EDC511C69CC70075F8A3 /* Build configuration list for PBXNativeTarget "identify_mutations" */;
			buildPhases = (
				42B6EDBD11C69CC70075F8A3 /* Sources */,
				42B6EDC011C69CC70075F8A3 /* Frameworks */,
			);
			buildRules = (
			);
			dependencies = (
				42B6EDB911C69CC70075F8A3 /* PBXTargetDependency */,
				42B6EDBB11C69CC70075F8A3 /* PBXTargetDependency */,
			);
			name = identify_mutations;
			productName = error_count;
			productReference = 42B6EDC811C69CC70075F8A3 /* identify_mutations */;
			productType = "com.apple.product-type.tool";
		};
		42BA690B1189B7FD000B00B1 /* breseq */ = {
			isa = PBXNativeTarget;
			buildConfigurationList = 42BA69191189B83D000B00B1 /* Build configuration list for PBXNativeTarget "breseq" */;
			buildPhases = (
				42BA69081189B7FD000B00B1 /* Headers */,
				42BA69091189B7FD000B00B1 /* Sources */,
				42BA690A1189B7FD000B00B1 /* Frameworks */,
			);
			buildRules = (
			);
			dependencies = (
			);
			name = breseq;
			productName = breseq;
			productReference = 42BA690C1189B7FD000B00B1 /* libbreseq.a */;
			productType = "com.apple.product-type.library.static";
		};
/* End PBXNativeTarget section */

/* Begin PBXProject section */
		421ACEB71170DB9600C2EB85 /* Project object */ = {
			isa = PBXProject;
			buildConfigurationList = 421ACEBA1170DB9600C2EB85 /* Build configuration list for PBXProject "breseq-10.5" */;
			compatibilityVersion = "Xcode 2.4";
			hasScannedForEncodings = 0;
			mainGroup = 421ACEB51170DB9600C2EB85;
			productRefGroup = 421ACF301170DF1800C2EB85 /* Products */;
			projectDirPath = "";
			projectRoot = "";
			targets = (
				422D46201219DEFF003FD94D /* all */,
				421ACF201170DC4400C2EB85 /* samtools */,
				42B6EDB811C69CC70075F8A3 /* identify_mutations */,
				421ACF2E1170DF1800C2EB85 /* error_count */,
				42BA690B1189B7FD000B00B1 /* breseq */,
			);
		};
/* End PBXProject section */

/* Begin PBXSourcesBuildPhase section */
		421ACF2C1170DF1800C2EB85 /* Sources */ = {
			isa = PBXSourcesBuildPhase;
			buildActionMask = 2147483647;
			files = (
				421ACF4A1170DFC300C2EB85 /* main.cpp in Sources */,
			);
			runOnlyForDeploymentPostprocessing = 0;
		};
		42B6EDBD11C69CC70075F8A3 /* Sources */ = {
			isa = PBXSourcesBuildPhase;
			buildActionMask = 2147483647;
			files = (
				42B6EDCE11C69D6E0075F8A3 /* main.cpp in Sources */,
			);
			runOnlyForDeploymentPostprocessing = 0;
		};
		42BA69091189B7FD000B00B1 /* Sources */ = {
			isa = PBXSourcesBuildPhase;
			buildActionMask = 2147483647;
			files = (
				42BA690F1189B819000B00B1 /* pileup.cpp in Sources */,
				42B6ED8511C6893C0075F8A3 /* alignment.cpp in Sources */,
				42B6ED8611C6893C0075F8A3 /* pileup_base.cpp in Sources */,
				42B6EDE411C6A3460075F8A3 /* error_count.cpp in Sources */,
				42B6EDEF11C6A40E0075F8A3 /* identify_mutations.cpp in Sources */,
				426DFDEA11F4AE1E006ABE77 /* genome_diff.cpp in Sources */,
			);
			runOnlyForDeploymentPostprocessing = 0;
		};
/* End PBXSourcesBuildPhase section */

/* Begin PBXTargetDependency section */
		421ACF611170E07C00C2EB85 /* PBXTargetDependency */ = {
			isa = PBXTargetDependency;
			target = 421ACF201170DC4400C2EB85 /* samtools */;
			targetProxy = 421ACF601170E07C00C2EB85 /* PBXContainerItemProxy */;
		};
		422D46241219DF08003FD94D /* PBXTargetDependency */ = {
			isa = PBXTargetDependency;
			target = 42BA690B1189B7FD000B00B1 /* breseq */;
			targetProxy = 422D46231219DF08003FD94D /* PBXContainerItemProxy */;
		};
		422D46261219DF08003FD94D /* PBXTargetDependency */ = {
			isa = PBXTargetDependency;
			target = 421ACF2E1170DF1800C2EB85 /* error_count */;
			targetProxy = 422D46251219DF08003FD94D /* PBXContainerItemProxy */;
		};
		422D46281219DF08003FD94D /* PBXTargetDependency */ = {
			isa = PBXTargetDependency;
			target = 42B6EDB811C69CC70075F8A3 /* identify_mutations */;
			targetProxy = 422D46271219DF08003FD94D /* PBXContainerItemProxy */;
		};
		422D462A1219DF08003FD94D /* PBXTargetDependency */ = {
			isa = PBXTargetDependency;
			target = 421ACF201170DC4400C2EB85 /* samtools */;
			targetProxy = 422D46291219DF08003FD94D /* PBXContainerItemProxy */;
		};
		42B6EDB911C69CC70075F8A3 /* PBXTargetDependency */ = {
			isa = PBXTargetDependency;
			target = 421ACF201170DC4400C2EB85 /* samtools */;
			targetProxy = 42B6EDBA11C69CC70075F8A3 /* PBXContainerItemProxy */;
		};
		42B6EDBB11C69CC70075F8A3 /* PBXTargetDependency */ = {
			isa = PBXTargetDependency;
			target = 42BA690B1189B7FD000B00B1 /* breseq */;
			targetProxy = 42B6EDBC11C69CC70075F8A3 /* PBXContainerItemProxy */;
		};
		42BA691C1189B877000B00B1 /* PBXTargetDependency */ = {
			isa = PBXTargetDependency;
			target = 42BA690B1189B7FD000B00B1 /* breseq */;
			targetProxy = 42BA691B1189B877000B00B1 /* PBXContainerItemProxy */;
		};
/* End PBXTargetDependency section */

/* Begin XCBuildConfiguration section */
		421ACEB81170DB9600C2EB85 /* Debug */ = {
			isa = XCBuildConfiguration;
			buildSettings = {
				COPY_PHASE_STRIP = NO;
			};
			name = Debug;
		};
		421ACEB91170DB9600C2EB85 /* Release */ = {
			isa = XCBuildConfiguration;
			buildSettings = {
				COPY_PHASE_STRIP = YES;
			};
			name = Release;
		};
		421ACF211170DC4400C2EB85 /* Debug */ = {
			isa = XCBuildConfiguration;
			buildSettings = {
				COPY_PHASE_STRIP = NO;
				GCC_DYNAMIC_NO_PIC = NO;
				GCC_OPTIMIZATION_LEVEL = 0;
				PRODUCT_NAME = samtools;
			};
			name = Debug;
		};
		421ACF221170DC4400C2EB85 /* Release */ = {
			isa = XCBuildConfiguration;
			buildSettings = {
				COPY_PHASE_STRIP = YES;
				DEBUG_INFORMATION_FORMAT = "dwarf-with-dsym";
				GCC_ENABLE_FIX_AND_CONTINUE = NO;
				PRODUCT_NAME = samtools;
				ZERO_LINK = NO;
			};
			name = Release;
		};
		421ACF321170DF1800C2EB85 /* Debug */ = {
			isa = XCBuildConfiguration;
			baseConfigurationReference = 421ACF361170DF3F00C2EB85 /* debug.xcconfig */;
			buildSettings = {
				ALWAYS_SEARCH_USER_PATHS = NO;
				COPY_PHASE_STRIP = NO;
				GCC_DYNAMIC_NO_PIC = NO;
				GCC_ENABLE_FIX_AND_CONTINUE = YES;
				INSTALL_PATH = /usr/local/bin;
				LIBRARY_SEARCH_PATHS = (
					"$(inherited)",
					/opt/local/lib,
					"$(LIBRARY_SEARCH_PATHS_QUOTED_FOR_TARGET_1)",
				);
				LIBRARY_SEARCH_PATHS_QUOTED_FOR_TARGET_1 = "\"$(SRCROOT)/../../extern/samtools-0.1.7a\"";
				PREBINDING = NO;
				PRODUCT_NAME = error_count;
				USER_HEADER_SEARCH_PATHS = "$(PROJECT_DIR)/error_count/include";
			};
			name = Debug;
		};
		421ACF331170DF1800C2EB85 /* Release */ = {
			isa = XCBuildConfiguration;
			buildSettings = {
				ALWAYS_SEARCH_USER_PATHS = NO;
				ARCHS = "$(NATIVE_ARCH_ACTUAL)";
				COPY_PHASE_STRIP = YES;
				DEBUG_INFORMATION_FORMAT = "dwarf-with-dsym";
				GCC_ENABLE_FIX_AND_CONTINUE = NO;
				GCC_MODEL_TUNING = G5;
				INSTALL_PATH = /usr/local/bin;
				LIBRARY_SEARCH_PATHS = (
					"$(inherited)",
					"$(LIBRARY_SEARCH_PATHS_QUOTED_FOR_TARGET_1)",
					/opt/local/lib,
					"$(LIBRARY_SEARCH_PATHS_QUOTED_FOR_TARGET_2)",
				);
				LIBRARY_SEARCH_PATHS_QUOTED_FOR_TARGET_1 = "\"$(SRCROOT)/samtools-0.1.7a\"";
				LIBRARY_SEARCH_PATHS_QUOTED_FOR_TARGET_2 = "\"$(SRCROOT)/../../extern/samtools-0.1.7a\"";
				PREBINDING = NO;
				PRODUCT_NAME = error_count;
				ZERO_LINK = NO;
			};
			name = Release;
		};
		422D46211219DEFF003FD94D /* Debug */ = {
			isa = XCBuildConfiguration;
			buildSettings = {
				COPY_PHASE_STRIP = NO;
				GCC_DYNAMIC_NO_PIC = NO;
				GCC_OPTIMIZATION_LEVEL = 0;
				PRODUCT_NAME = all;
			};
			name = Debug;
		};
		422D46221219DEFF003FD94D /* Release */ = {
			isa = XCBuildConfiguration;
			buildSettings = {
				COPY_PHASE_STRIP = YES;
				DEBUG_INFORMATION_FORMAT = "dwarf-with-dsym";
				GCC_ENABLE_FIX_AND_CONTINUE = NO;
				PRODUCT_NAME = all;
				ZERO_LINK = NO;
			};
			name = Release;
		};
		42B6EDC611C69CC70075F8A3 /* Debug */ = {
			isa = XCBuildConfiguration;
			baseConfigurationReference = 421ACF361170DF3F00C2EB85 /* debug.xcconfig */;
			buildSettings = {
				ALWAYS_SEARCH_USER_PATHS = NO;
				COPY_PHASE_STRIP = NO;
				GCC_DYNAMIC_NO_PIC = NO;
				GCC_ENABLE_FIX_AND_CONTINUE = YES;
				GCC_OPTIMIZATION_LEVEL = 0;
				GCC_WARN_ABOUT_POINTER_SIGNEDNESS = YES;
				INSTALL_PATH = /usr/local/bin;
				LIBRARY_SEARCH_PATHS = (
					"$(inherited)",
					/opt/local/lib,
					"$(LIBRARY_SEARCH_PATHS_QUOTED_FOR_TARGET_1)",
				);
				LIBRARY_SEARCH_PATHS_QUOTED_FOR_TARGET_1 = "\"$(SRCROOT)/../../extern/samtools-0.1.7a\"";
				PREBINDING = NO;
				PRODUCT_NAME = identify_mutations;
				USER_HEADER_SEARCH_PATHS = "$(PROJECT_DIR)/identify_mutations/include";
			};
			name = Debug;
		};
		42B6EDC711C69CC70075F8A3 /* Release */ = {
			isa = XCBuildConfiguration;
			buildSettings = {
				ALWAYS_SEARCH_USER_PATHS = NO;
				ARCHS = "$(NATIVE_ARCH_ACTUAL)";
				COPY_PHASE_STRIP = YES;
				DEBUG_INFORMATION_FORMAT = "dwarf-with-dsym";
				GCC_ENABLE_FIX_AND_CONTINUE = NO;
				GCC_MODEL_TUNING = G5;
				INSTALL_PATH = /usr/local/bin;
				LIBRARY_SEARCH_PATHS = (
					"$(inherited)",
					"$(LIBRARY_SEARCH_PATHS_QUOTED_FOR_TARGET_1)",
					/opt/local/lib,
					"$(LIBRARY_SEARCH_PATHS_QUOTED_FOR_TARGET_2)",
				);
				LIBRARY_SEARCH_PATHS_QUOTED_FOR_TARGET_1 = "\"$(SRCROOT)/samtools-0.1.7a\"";
				LIBRARY_SEARCH_PATHS_QUOTED_FOR_TARGET_2 = "\"$(SRCROOT)/../../extern/samtools-0.1.7a\"";
				PREBINDING = NO;
				PRODUCT_NAME = error_count;
				ZERO_LINK = NO;
			};
			name = Release;
		};
		42BA690D1189B7FE000B00B1 /* Debug */ = {
			isa = XCBuildConfiguration;
			baseConfigurationReference = 421ACF361170DF3F00C2EB85 /* debug.xcconfig */;
			buildSettings = {
				ALWAYS_SEARCH_USER_PATHS = NO;
				COPY_PHASE_STRIP = NO;
				GCC_DYNAMIC_NO_PIC = NO;
				GCC_ENABLE_FIX_AND_CONTINUE = YES;
				INSTALL_PATH = /usr/local/lib;
				ONLY_ACTIVE_ARCH = NO;
				PREBINDING = NO;
				PRODUCT_NAME = breseq;
			};
			name = Debug;
		};
		42BA690E1189B7FE000B00B1 /* Release */ = {
			isa = XCBuildConfiguration;
			buildSettings = {
				ALWAYS_SEARCH_USER_PATHS = NO;
				ARCHS = "$(NATIVE_ARCH_ACTUAL)";
				COPY_PHASE_STRIP = YES;
				DEBUG_INFORMATION_FORMAT = "dwarf-with-dsym";
				GCC_ENABLE_FIX_AND_CONTINUE = NO;
				GCC_MODEL_TUNING = G5;
				INSTALL_PATH = /usr/local/lib;
				PREBINDING = NO;
				PRODUCT_NAME = breseq;
				ZERO_LINK = NO;
			};
			name = Release;
		};
/* End XCBuildConfiguration section */

/* Begin XCConfigurationList section */
		421ACEBA1170DB9600C2EB85 /* Build configuration list for PBXProject "breseq-10.5" */ = {
			isa = XCConfigurationList;
			buildConfigurations = (
				421ACEB81170DB9600C2EB85 /* Debug */,
				421ACEB91170DB9600C2EB85 /* Release */,
			);
			defaultConfigurationIsVisible = 0;
			defaultConfigurationName = Release;
		};
		421ACF251170DC6C00C2EB85 /* Build configuration list for PBXLegacyTarget "samtools" */ = {
			isa = XCConfigurationList;
			buildConfigurations = (
				421ACF211170DC4400C2EB85 /* Debug */,
				421ACF221170DC4400C2EB85 /* Release */,
			);
			defaultConfigurationIsVisible = 0;
			defaultConfigurationName = Release;
		};
		421ACF341170DF1800C2EB85 /* Build configuration list for PBXNativeTarget "error_count" */ = {
			isa = XCConfigurationList;
			buildConfigurations = (
				421ACF321170DF1800C2EB85 /* Debug */,
				421ACF331170DF1800C2EB85 /* Release */,
			);
			defaultConfigurationIsVisible = 0;
			defaultConfigurationName = Release;
		};
		422D46371219DF1D003FD94D /* Build configuration list for PBXAggregateTarget "all" */ = {
			isa = XCConfigurationList;
			buildConfigurations = (
				422D46211219DEFF003FD94D /* Debug */,
				422D46221219DEFF003FD94D /* Release */,
			);
			defaultConfigurationIsVisible = 0;
			defaultConfigurationName = Release;
		};
		42B6EDC511C69CC70075F8A3 /* Build configuration list for PBXNativeTarget "identify_mutations" */ = {
			isa = XCConfigurationList;
			buildConfigurations = (
				42B6EDC611C69CC70075F8A3 /* Debug */,
				42B6EDC711C69CC70075F8A3 /* Release */,
			);
			defaultConfigurationIsVisible = 0;
			defaultConfigurationName = Release;
		};
		42BA69191189B83D000B00B1 /* Build configuration list for PBXNativeTarget "breseq" */ = {
			isa = XCConfigurationList;
			buildConfigurations = (
				42BA690D1189B7FE000B00B1 /* Debug */,
				42BA690E1189B7FE000B00B1 /* Release */,
			);
			defaultConfigurationIsVisible = 0;
			defaultConfigurationName = Release;
		};
/* End XCConfigurationList section */
	};
	rootObject = 421ACEB71170DB9600C2EB85 /* Project object */;
}
