// !$*UTF8*$!
{
	archiveVersion = 1;
	classes = {
	};
	objectVersion = 42;
	objects = {

/* Begin PBXAggregateTarget section */
		422D46201219DEFF003FD94D /* all */ = {
			isa = PBXAggregateTarget;
			buildConfigurationList = 422D46371219DF1D003FD94D /* Build configuration list for PBXAggregateTarget "all" */;
			buildPhases = (
			);
			dependencies = (
				422D462A1219DF08003FD94D /* PBXTargetDependency */,
				422D46281219DF08003FD94D /* PBXTargetDependency */,
				422D46261219DF08003FD94D /* PBXTargetDependency */,
				422D46241219DF08003FD94D /* PBXTargetDependency */,
			);
			name = all;
			productName = all;
		};
/* End PBXAggregateTarget section */

/* Begin PBXBuildFile section */
		4247E82C1268EC3E006A6D78 /* libz.a in Frameworks */ = {isa = PBXBuildFile; fileRef = 421ACFAC1170F05500C2EB85 /* libz.a */; };
		42B6ED6911C6879B0075F8A3 /* libbreseq.a in Frameworks */ = {isa = PBXBuildFile; fileRef = 42BA690C1189B7FD000B00B1 /* libbreseq.a */; };
		7087728812BC1660000F9B57 /* alignment.cpp in Sources */ = {isa = PBXBuildFile; fileRef = 7087728712BC1660000F9B57 /* alignment.cpp */; };
		7087728E12BC169C000F9B57 /* error_count.cpp in Sources */ = {isa = PBXBuildFile; fileRef = 7087728912BC169C000F9B57 /* error_count.cpp */; };
		7087728F12BC169C000F9B57 /* genome_diff.cpp in Sources */ = {isa = PBXBuildFile; fileRef = 7087728A12BC169C000F9B57 /* genome_diff.cpp */; };
		7087729012BC169C000F9B57 /* identify_mutations.cpp in Sources */ = {isa = PBXBuildFile; fileRef = 7087728B12BC169C000F9B57 /* identify_mutations.cpp */; };
		7087729112BC169C000F9B57 /* pileup_base.cpp in Sources */ = {isa = PBXBuildFile; fileRef = 7087728C12BC169C000F9B57 /* pileup_base.cpp */; };
		7087729212BC169C000F9B57 /* pileup.cpp in Sources */ = {isa = PBXBuildFile; fileRef = 7087728D12BC169C000F9B57 /* pileup.cpp */; };
		7087730512BC18E9000F9B57 /* libbam.a in Frameworks */ = {isa = PBXBuildFile; fileRef = 7087730412BC18E9000F9B57 /* libbam.a */; };
		7087731012BC19BA000F9B57 /* error_count_cmdline.cpp in Sources */ = {isa = PBXBuildFile; fileRef = 7087730F12BC19BA000F9B57 /* error_count_cmdline.cpp */; };
		7087731312BC19F4000F9B57 /* identify_mutations_cmdline.cpp in Sources */ = {isa = PBXBuildFile; fileRef = 7087731112BC19C5000F9B57 /* identify_mutations_cmdline.cpp */; };
		7087748212BC1C31000F9B57 /* alignment.h in Headers */ = {isa = PBXBuildFile; fileRef = 7087747512BC1C06000F9B57 /* alignment.h */; };
		7087748312BC1C31000F9B57 /* common.h in Headers */ = {isa = PBXBuildFile; fileRef = 7087747612BC1C06000F9B57 /* common.h */; };
		7087748412BC1C31000F9B57 /* error_count.h in Headers */ = {isa = PBXBuildFile; fileRef = 7087747712BC1C06000F9B57 /* error_count.h */; };
		7087748512BC1C31000F9B57 /* genome_diff.h in Headers */ = {isa = PBXBuildFile; fileRef = 7087747812BC1C06000F9B57 /* genome_diff.h */; };
		7087748612BC1C31000F9B57 /* identify_mutations.h in Headers */ = {isa = PBXBuildFile; fileRef = 7087747912BC1C06000F9B57 /* identify_mutations.h */; };
		7087748712BC1C31000F9B57 /* pileup.h in Headers */ = {isa = PBXBuildFile; fileRef = 7087747A12BC1C06000F9B57 /* pileup.h */; };
		7087748812BC1C31000F9B57 /* pileup_base.h in Headers */ = {isa = PBXBuildFile; fileRef = 7087747B12BC1C06000F9B57 /* pileup_base.h */; };
		708774D712BC21B9000F9B57 /* libboost_program_options-mt.a in Frameworks */ = {isa = PBXBuildFile; fileRef = 421ACF7D1170E5CA00C2EB85 /* libboost_program_options-mt.a */; };
		708774D812BC21BA000F9B57 /* libboost_program_options-mt.a in Frameworks */ = {isa = PBXBuildFile; fileRef = 421ACF7D1170E5CA00C2EB85 /* libboost_program_options-mt.a */; };
		708774E012BC2260000F9B57 /* libbreseq.a in Frameworks */ = {isa = PBXBuildFile; fileRef = 42BA690C1189B7FD000B00B1 /* libbreseq.a */; };
		70A5BC1412BE6EBF005EFE9F /* libboost_program_options-mt.a in Frameworks */ = {isa = PBXBuildFile; fileRef = 421ACF7D1170E5CA00C2EB85 /* libboost_program_options-mt.a */; };
		70A5BC1512BE6EBF005EFE9F /* libbreseq.a in Frameworks */ = {isa = PBXBuildFile; fileRef = 42BA690C1189B7FD000B00B1 /* libbreseq.a */; };
		70A5BC2612BE6F21005EFE9F /* calc_trims_cmdline.cpp in Sources */ = {isa = PBXBuildFile; fileRef = 70A5BC2512BE6F21005EFE9F /* calc_trims_cmdline.cpp */; };
/* End PBXBuildFile section */

/* Begin PBXContainerItemProxy section */
		421ACF601170E07C00C2EB85 /* PBXContainerItemProxy */ = {
			isa = PBXContainerItemProxy;
			containerPortal = 421ACEB71170DB9600C2EB85 /* Project object */;
			proxyType = 1;
			remoteGlobalIDString = 421ACF201170DC4400C2EB85;
			remoteInfo = samtools;
		};
		422D46231219DF08003FD94D /* PBXContainerItemProxy */ = {
			isa = PBXContainerItemProxy;
			containerPortal = 421ACEB71170DB9600C2EB85 /* Project object */;
			proxyType = 1;
			remoteGlobalIDString = 42BA690B1189B7FD000B00B1;
			remoteInfo = breseq;
		};
		422D46251219DF08003FD94D /* PBXContainerItemProxy */ = {
			isa = PBXContainerItemProxy;
			containerPortal = 421ACEB71170DB9600C2EB85 /* Project object */;
			proxyType = 1;
			remoteGlobalIDString = 421ACF2E1170DF1800C2EB85;
			remoteInfo = error_count;
		};
		422D46271219DF08003FD94D /* PBXContainerItemProxy */ = {
			isa = PBXContainerItemProxy;
			containerPortal = 421ACEB71170DB9600C2EB85 /* Project object */;
			proxyType = 1;
			remoteGlobalIDString = 42B6EDB811C69CC70075F8A3;
			remoteInfo = identify_mutations;
		};
		422D46291219DF08003FD94D /* PBXContainerItemProxy */ = {
			isa = PBXContainerItemProxy;
			containerPortal = 421ACEB71170DB9600C2EB85 /* Project object */;
			proxyType = 1;
			remoteGlobalIDString = 421ACF201170DC4400C2EB85;
			remoteInfo = samtools;
		};
		42B6EDBA11C69CC70075F8A3 /* PBXContainerItemProxy */ = {
			isa = PBXContainerItemProxy;
			containerPortal = 421ACEB71170DB9600C2EB85 /* Project object */;
			proxyType = 1;
			remoteGlobalIDString = 421ACF201170DC4400C2EB85;
			remoteInfo = samtools;
		};
		42B6EDBC11C69CC70075F8A3 /* PBXContainerItemProxy */ = {
			isa = PBXContainerItemProxy;
			containerPortal = 421ACEB71170DB9600C2EB85 /* Project object */;
			proxyType = 1;
			remoteGlobalIDString = 42BA690B1189B7FD000B00B1;
			remoteInfo = breseq;
		};
		42BA691B1189B877000B00B1 /* PBXContainerItemProxy */ = {
			isa = PBXContainerItemProxy;
			containerPortal = 421ACEB71170DB9600C2EB85 /* Project object */;
			proxyType = 1;
			remoteGlobalIDString = 42BA690B1189B7FD000B00B1;
			remoteInfo = breseq;
		};
		70A5BC0E12BE6EBF005EFE9F /* PBXContainerItemProxy */ = {
			isa = PBXContainerItemProxy;
			containerPortal = 421ACEB71170DB9600C2EB85 /* Project object */;
			proxyType = 1;
			remoteGlobalIDString = 421ACF201170DC4400C2EB85;
			remoteInfo = samtools;
		};
		70A5BC1012BE6EBF005EFE9F /* PBXContainerItemProxy */ = {
			isa = PBXContainerItemProxy;
			containerPortal = 421ACEB71170DB9600C2EB85 /* Project object */;
			proxyType = 1;
			remoteGlobalIDString = 42BA690B1189B7FD000B00B1;
			remoteInfo = breseq;
		};
/* End PBXContainerItemProxy section */

/* Begin PBXFileReference section */
		421ACF2F1170DF1800C2EB85 /* error_count */ = {isa = PBXFileReference; explicitFileType = "compiled.mach-o.executable"; includeInIndex = 0; path = error_count; sourceTree = BUILT_PRODUCTS_DIR; };
		421ACF7D1170E5CA00C2EB85 /* libboost_program_options-mt.a */ = {isa = PBXFileReference; explicitFileType = archive.ar; name = "libboost_program_options-mt.a"; path = "/opt/local/lib/libboost_program_options-mt.a"; sourceTree = "<absolute>"; };
		421ACFAC1170F05500C2EB85 /* libz.a */ = {isa = PBXFileReference; lastKnownFileType = archive.ar; name = libz.a; path = /opt/local/lib/libz.a; sourceTree = "<absolute>"; };
		4247E8261268EB90006A6D78 /* debug.xcconfig */ = {isa = PBXFileReference; fileEncoding = 4; lastKnownFileType = text.xcconfig; path = debug.xcconfig; sourceTree = "<group>"; };
		42B6EDC811C69CC70075F8A3 /* identify_mutations */ = {isa = PBXFileReference; explicitFileType = "compiled.mach-o.executable"; includeInIndex = 0; path = identify_mutations; sourceTree = BUILT_PRODUCTS_DIR; };
		42BA690C1189B7FD000B00B1 /* libbreseq.a */ = {isa = PBXFileReference; explicitFileType = archive.ar; includeInIndex = 0; path = libbreseq.a; sourceTree = BUILT_PRODUCTS_DIR; };
		7087728712BC1660000F9B57 /* alignment.cpp */ = {isa = PBXFileReference; fileEncoding = 4; lastKnownFileType = sourcecode.cpp.cpp; name = alignment.cpp; path = breseq/alignment.cpp; sourceTree = SOURCE_ROOT; };
		7087728912BC169C000F9B57 /* error_count.cpp */ = {isa = PBXFileReference; fileEncoding = 4; lastKnownFileType = sourcecode.cpp.cpp; name = error_count.cpp; path = breseq/error_count.cpp; sourceTree = SOURCE_ROOT; };
		7087728A12BC169C000F9B57 /* genome_diff.cpp */ = {isa = PBXFileReference; fileEncoding = 4; lastKnownFileType = sourcecode.cpp.cpp; name = genome_diff.cpp; path = breseq/genome_diff.cpp; sourceTree = SOURCE_ROOT; };
		7087728B12BC169C000F9B57 /* identify_mutations.cpp */ = {isa = PBXFileReference; fileEncoding = 4; lastKnownFileType = sourcecode.cpp.cpp; name = identify_mutations.cpp; path = breseq/identify_mutations.cpp; sourceTree = SOURCE_ROOT; };
		7087728C12BC169C000F9B57 /* pileup_base.cpp */ = {isa = PBXFileReference; fileEncoding = 4; lastKnownFileType = sourcecode.cpp.cpp; name = pileup_base.cpp; path = breseq/pileup_base.cpp; sourceTree = SOURCE_ROOT; };
		7087728D12BC169C000F9B57 /* pileup.cpp */ = {isa = PBXFileReference; fileEncoding = 4; lastKnownFileType = sourcecode.cpp.cpp; name = pileup.cpp; path = breseq/pileup.cpp; sourceTree = SOURCE_ROOT; };
		7087729512BC1780000F9B57 /* AUTHORS */ = {isa = PBXFileReference; fileEncoding = 4; lastKnownFileType = text; name = AUTHORS; path = "../../extern/samtools-0.1.7a/AUTHORS"; sourceTree = SOURCE_ROOT; };
		7087729612BC1780000F9B57 /* bam_aux.c */ = {isa = PBXFileReference; fileEncoding = 4; lastKnownFileType = sourcecode.c.c; name = bam_aux.c; path = "../../extern/samtools-0.1.7a/bam_aux.c"; sourceTree = SOURCE_ROOT; };
		7087729712BC1780000F9B57 /* bam_color.c */ = {isa = PBXFileReference; fileEncoding = 4; lastKnownFileType = sourcecode.c.c; name = bam_color.c; path = "../../extern/samtools-0.1.7a/bam_color.c"; sourceTree = SOURCE_ROOT; };
		7087729812BC1780000F9B57 /* bam_endian.h */ = {isa = PBXFileReference; fileEncoding = 4; lastKnownFileType = sourcecode.c.h; name = bam_endian.h; path = "../../extern/samtools-0.1.7a/bam_endian.h"; sourceTree = SOURCE_ROOT; };
		7087729912BC1780000F9B57 /* bam_import.c */ = {isa = PBXFileReference; fileEncoding = 4; lastKnownFileType = sourcecode.c.c; name = bam_import.c; path = "../../extern/samtools-0.1.7a/bam_import.c"; sourceTree = SOURCE_ROOT; };
		7087729A12BC1780000F9B57 /* bam_index.c */ = {isa = PBXFileReference; fileEncoding = 4; lastKnownFileType = sourcecode.c.c; name = bam_index.c; path = "../../extern/samtools-0.1.7a/bam_index.c"; sourceTree = SOURCE_ROOT; };
		7087729B12BC1780000F9B57 /* bam_lpileup.c */ = {isa = PBXFileReference; fileEncoding = 4; lastKnownFileType = sourcecode.c.c; name = bam_lpileup.c; path = "../../extern/samtools-0.1.7a/bam_lpileup.c"; sourceTree = SOURCE_ROOT; };
		7087729C12BC1780000F9B57 /* bam_maqcns.c */ = {isa = PBXFileReference; fileEncoding = 4; lastKnownFileType = sourcecode.c.c; name = bam_maqcns.c; path = "../../extern/samtools-0.1.7a/bam_maqcns.c"; sourceTree = SOURCE_ROOT; };
		7087729D12BC1780000F9B57 /* bam_maqcns.h */ = {isa = PBXFileReference; fileEncoding = 4; lastKnownFileType = sourcecode.c.h; name = bam_maqcns.h; path = "../../extern/samtools-0.1.7a/bam_maqcns.h"; sourceTree = SOURCE_ROOT; };
		7087729E12BC1780000F9B57 /* bam_mate.c */ = {isa = PBXFileReference; fileEncoding = 4; lastKnownFileType = sourcecode.c.c; name = bam_mate.c; path = "../../extern/samtools-0.1.7a/bam_mate.c"; sourceTree = SOURCE_ROOT; };
		7087729F12BC1780000F9B57 /* bam_md.c */ = {isa = PBXFileReference; fileEncoding = 4; lastKnownFileType = sourcecode.c.c; name = bam_md.c; path = "../../extern/samtools-0.1.7a/bam_md.c"; sourceTree = SOURCE_ROOT; };
		708772A012BC1780000F9B57 /* bam_pileup.c */ = {isa = PBXFileReference; fileEncoding = 4; lastKnownFileType = sourcecode.c.c; name = bam_pileup.c; path = "../../extern/samtools-0.1.7a/bam_pileup.c"; sourceTree = SOURCE_ROOT; };
		708772A112BC1780000F9B57 /* bam_plcmd.c */ = {isa = PBXFileReference; fileEncoding = 4; lastKnownFileType = sourcecode.c.c; name = bam_plcmd.c; path = "../../extern/samtools-0.1.7a/bam_plcmd.c"; sourceTree = SOURCE_ROOT; };
		708772A212BC1780000F9B57 /* bam_rmdup.c */ = {isa = PBXFileReference; fileEncoding = 4; lastKnownFileType = sourcecode.c.c; name = bam_rmdup.c; path = "../../extern/samtools-0.1.7a/bam_rmdup.c"; sourceTree = SOURCE_ROOT; };
		708772A312BC1780000F9B57 /* bam_rmdupse.c */ = {isa = PBXFileReference; fileEncoding = 4; lastKnownFileType = sourcecode.c.c; name = bam_rmdupse.c; path = "../../extern/samtools-0.1.7a/bam_rmdupse.c"; sourceTree = SOURCE_ROOT; };
		708772A412BC1780000F9B57 /* bam_sort.c */ = {isa = PBXFileReference; fileEncoding = 4; lastKnownFileType = sourcecode.c.c; name = bam_sort.c; path = "../../extern/samtools-0.1.7a/bam_sort.c"; sourceTree = SOURCE_ROOT; };
		708772A512BC1780000F9B57 /* bam_stat.c */ = {isa = PBXFileReference; fileEncoding = 4; lastKnownFileType = sourcecode.c.c; name = bam_stat.c; path = "../../extern/samtools-0.1.7a/bam_stat.c"; sourceTree = SOURCE_ROOT; };
		708772A612BC1780000F9B57 /* bam_tview.c */ = {isa = PBXFileReference; fileEncoding = 4; lastKnownFileType = sourcecode.c.c; name = bam_tview.c; path = "../../extern/samtools-0.1.7a/bam_tview.c"; sourceTree = SOURCE_ROOT; };
		708772A712BC1780000F9B57 /* bam.c */ = {isa = PBXFileReference; fileEncoding = 4; lastKnownFileType = sourcecode.c.c; name = bam.c; path = "../../extern/samtools-0.1.7a/bam.c"; sourceTree = SOURCE_ROOT; };
		708772A812BC1780000F9B57 /* bam.h */ = {isa = PBXFileReference; fileEncoding = 4; lastKnownFileType = sourcecode.c.h; name = bam.h; path = "../../extern/samtools-0.1.7a/bam.h"; sourceTree = SOURCE_ROOT; };
		708772A912BC1780000F9B57 /* bamtk.c */ = {isa = PBXFileReference; fileEncoding = 4; lastKnownFileType = sourcecode.c.c; name = bamtk.c; path = "../../extern/samtools-0.1.7a/bamtk.c"; sourceTree = SOURCE_ROOT; };
		708772AA12BC1780000F9B57 /* bgzf.c */ = {isa = PBXFileReference; fileEncoding = 4; lastKnownFileType = sourcecode.c.c; name = bgzf.c; path = "../../extern/samtools-0.1.7a/bgzf.c"; sourceTree = SOURCE_ROOT; };
		708772AB12BC1780000F9B57 /* bgzf.h */ = {isa = PBXFileReference; fileEncoding = 4; lastKnownFileType = sourcecode.c.h; name = bgzf.h; path = "../../extern/samtools-0.1.7a/bgzf.h"; sourceTree = SOURCE_ROOT; };
		708772AC12BC1780000F9B57 /* bgzip.c */ = {isa = PBXFileReference; fileEncoding = 4; lastKnownFileType = sourcecode.c.c; name = bgzip.c; path = "../../extern/samtools-0.1.7a/bgzip.c"; sourceTree = SOURCE_ROOT; };
		708772AD12BC1780000F9B57 /* ChangeLog */ = {isa = PBXFileReference; fileEncoding = 4; lastKnownFileType = text; name = ChangeLog; path = "../../extern/samtools-0.1.7a/ChangeLog"; sourceTree = SOURCE_ROOT; };
		708772AE12BC1780000F9B57 /* COPYING */ = {isa = PBXFileReference; fileEncoding = 4; lastKnownFileType = text; name = COPYING; path = "../../extern/samtools-0.1.7a/COPYING"; sourceTree = SOURCE_ROOT; };
		708772B012BC1780000F9B57 /* 00README.txt */ = {isa = PBXFileReference; fileEncoding = 4; lastKnownFileType = text; path = 00README.txt; sourceTree = "<group>"; };
		708772B112BC1780000F9B57 /* calDepth.c */ = {isa = PBXFileReference; fileEncoding = 4; lastKnownFileType = sourcecode.c.c; path = calDepth.c; sourceTree = "<group>"; };
		708772B212BC1780000F9B57 /* ex1.fa */ = {isa = PBXFileReference; fileEncoding = 4; lastKnownFileType = text; path = ex1.fa; sourceTree = "<group>"; };
		708772B312BC1780000F9B57 /* Makefile */ = {isa = PBXFileReference; fileEncoding = 4; lastKnownFileType = sourcecode.make; path = Makefile; sourceTree = "<group>"; };
		708772B412BC1780000F9B57 /* faidx.c */ = {isa = PBXFileReference; fileEncoding = 4; lastKnownFileType = sourcecode.c.c; name = faidx.c; path = "../../extern/samtools-0.1.7a/faidx.c"; sourceTree = SOURCE_ROOT; };
		708772B512BC1780000F9B57 /* faidx.h */ = {isa = PBXFileReference; fileEncoding = 4; lastKnownFileType = sourcecode.c.h; name = faidx.h; path = "../../extern/samtools-0.1.7a/faidx.h"; sourceTree = SOURCE_ROOT; };
		708772B612BC1780000F9B57 /* glf.c */ = {isa = PBXFileReference; fileEncoding = 4; lastKnownFileType = sourcecode.c.c; name = glf.c; path = "../../extern/samtools-0.1.7a/glf.c"; sourceTree = SOURCE_ROOT; };
		708772B712BC1780000F9B57 /* glf.h */ = {isa = PBXFileReference; fileEncoding = 4; lastKnownFileType = sourcecode.c.h; name = glf.h; path = "../../extern/samtools-0.1.7a/glf.h"; sourceTree = SOURCE_ROOT; };
		708772B812BC1780000F9B57 /* INSTALL */ = {isa = PBXFileReference; fileEncoding = 4; lastKnownFileType = text; name = INSTALL; path = "../../extern/samtools-0.1.7a/INSTALL"; sourceTree = SOURCE_ROOT; };
		708772B912BC1780000F9B57 /* kaln.c */ = {isa = PBXFileReference; fileEncoding = 4; lastKnownFileType = sourcecode.c.c; name = kaln.c; path = "../../extern/samtools-0.1.7a/kaln.c"; sourceTree = SOURCE_ROOT; };
		708772BA12BC1780000F9B57 /* kaln.h */ = {isa = PBXFileReference; fileEncoding = 4; lastKnownFileType = sourcecode.c.h; name = kaln.h; path = "../../extern/samtools-0.1.7a/kaln.h"; sourceTree = SOURCE_ROOT; };
		708772BB12BC1780000F9B57 /* khash.h */ = {isa = PBXFileReference; fileEncoding = 4; lastKnownFileType = sourcecode.c.h; name = khash.h; path = "../../extern/samtools-0.1.7a/khash.h"; sourceTree = SOURCE_ROOT; };
		708772BC12BC1780000F9B57 /* klist.h */ = {isa = PBXFileReference; fileEncoding = 4; lastKnownFileType = sourcecode.c.h; name = klist.h; path = "../../extern/samtools-0.1.7a/klist.h"; sourceTree = SOURCE_ROOT; };
		708772BD12BC1780000F9B57 /* knetfile.c */ = {isa = PBXFileReference; fileEncoding = 4; lastKnownFileType = sourcecode.c.c; name = knetfile.c; path = "../../extern/samtools-0.1.7a/knetfile.c"; sourceTree = SOURCE_ROOT; };
		708772BE12BC1780000F9B57 /* knetfile.h */ = {isa = PBXFileReference; fileEncoding = 4; lastKnownFileType = sourcecode.c.h; name = knetfile.h; path = "../../extern/samtools-0.1.7a/knetfile.h"; sourceTree = SOURCE_ROOT; };
		708772BF12BC1780000F9B57 /* kseq.h */ = {isa = PBXFileReference; fileEncoding = 4; lastKnownFileType = sourcecode.c.h; name = kseq.h; path = "../../extern/samtools-0.1.7a/kseq.h"; sourceTree = SOURCE_ROOT; };
		708772C012BC1780000F9B57 /* ksort.h */ = {isa = PBXFileReference; fileEncoding = 4; lastKnownFileType = sourcecode.c.h; name = ksort.h; path = "../../extern/samtools-0.1.7a/ksort.h"; sourceTree = SOURCE_ROOT; };
		708772C112BC1780000F9B57 /* kstring.c */ = {isa = PBXFileReference; fileEncoding = 4; lastKnownFileType = sourcecode.c.c; name = kstring.c; path = "../../extern/samtools-0.1.7a/kstring.c"; sourceTree = SOURCE_ROOT; };
		708772C212BC1780000F9B57 /* kstring.h */ = {isa = PBXFileReference; fileEncoding = 4; lastKnownFileType = sourcecode.c.h; name = kstring.h; path = "../../extern/samtools-0.1.7a/kstring.h"; sourceTree = SOURCE_ROOT; };
		708772C312BC1780000F9B57 /* Makefile */ = {isa = PBXFileReference; fileEncoding = 4; lastKnownFileType = sourcecode.make; name = Makefile; path = "../../extern/samtools-0.1.7a/Makefile"; sourceTree = SOURCE_ROOT; };
		708772C412BC1780000F9B57 /* Makefile.am */ = {isa = PBXFileReference; fileEncoding = 4; lastKnownFileType = text; name = Makefile.am; path = "../../extern/samtools-0.1.7a/Makefile.am"; sourceTree = SOURCE_ROOT; };
		708772C512BC1780000F9B57 /* Makefile.in */ = {isa = PBXFileReference; fileEncoding = 4; lastKnownFileType = text; name = Makefile.in; path = "../../extern/samtools-0.1.7a/Makefile.in"; sourceTree = SOURCE_ROOT; };
		708772C612BC1780000F9B57 /* Makefile.mingw */ = {isa = PBXFileReference; fileEncoding = 4; lastKnownFileType = text; name = Makefile.mingw; path = "../../extern/samtools-0.1.7a/Makefile.mingw"; sourceTree = SOURCE_ROOT; };
		708772C712BC1780000F9B57 /* Makefile.orig */ = {isa = PBXFileReference; fileEncoding = 4; lastKnownFileType = text; name = Makefile.orig; path = "../../extern/samtools-0.1.7a/Makefile.orig"; sourceTree = SOURCE_ROOT; };
		708772C912BC1780000F9B57 /* blast2sam.pl */ = {isa = PBXFileReference; fileEncoding = 4; lastKnownFileType = text.script.perl; path = blast2sam.pl; sourceTree = "<group>"; };
		708772CA12BC1780000F9B57 /* bowtie2sam.pl */ = {isa = PBXFileReference; fileEncoding = 4; lastKnownFileType = text.script.perl; path = bowtie2sam.pl; sourceTree = "<group>"; };
		708772CB12BC1780000F9B57 /* export2sam.pl */ = {isa = PBXFileReference; fileEncoding = 4; lastKnownFileType = text.script.perl; path = export2sam.pl; sourceTree = "<group>"; };
		708772CC12BC1780000F9B57 /* interpolate_sam.pl */ = {isa = PBXFileReference; fileEncoding = 4; lastKnownFileType = text.script.perl; path = interpolate_sam.pl; sourceTree = "<group>"; };
		708772CD12BC1780000F9B57 /* Makefile */ = {isa = PBXFileReference; fileEncoding = 4; lastKnownFileType = sourcecode.make; path = Makefile; sourceTree = "<group>"; };
		708772CE12BC1780000F9B57 /* maq2sam.c */ = {isa = PBXFileReference; fileEncoding = 4; lastKnownFileType = sourcecode.c.c; path = maq2sam.c; sourceTree = "<group>"; };
		708772CF12BC1780000F9B57 /* md5.c */ = {isa = PBXFileReference; fileEncoding = 4; lastKnownFileType = sourcecode.c.c; path = md5.c; sourceTree = "<group>"; };
		708772D012BC1780000F9B57 /* md5.h */ = {isa = PBXFileReference; fileEncoding = 4; lastKnownFileType = sourcecode.c.h; path = md5.h; sourceTree = "<group>"; };
		708772D112BC1780000F9B57 /* md5fa.c */ = {isa = PBXFileReference; fileEncoding = 4; lastKnownFileType = sourcecode.c.c; path = md5fa.c; sourceTree = "<group>"; };
		708772D212BC1780000F9B57 /* novo2sam.pl */ = {isa = PBXFileReference; fileEncoding = 4; lastKnownFileType = text.script.perl; path = novo2sam.pl; sourceTree = "<group>"; };
		708772D312BC1780000F9B57 /* psl2sam.pl */ = {isa = PBXFileReference; fileEncoding = 4; lastKnownFileType = text.script.perl; path = psl2sam.pl; sourceTree = "<group>"; };
		708772D412BC1780000F9B57 /* sam2vcf.pl */ = {isa = PBXFileReference; fileEncoding = 4; lastKnownFileType = text.script.perl; path = sam2vcf.pl; sourceTree = "<group>"; };
		708772D512BC1780000F9B57 /* samtools.pl */ = {isa = PBXFileReference; fileEncoding = 4; lastKnownFileType = text.script.perl; path = samtools.pl; sourceTree = "<group>"; };
		708772D612BC1780000F9B57 /* soap2sam.pl */ = {isa = PBXFileReference; fileEncoding = 4; lastKnownFileType = text.script.perl; path = soap2sam.pl; sourceTree = "<group>"; };
		708772D712BC1780000F9B57 /* wgsim.c */ = {isa = PBXFileReference; fileEncoding = 4; lastKnownFileType = sourcecode.c.c; path = wgsim.c; sourceTree = "<group>"; };
		708772D812BC1780000F9B57 /* wgsim_eval.pl */ = {isa = PBXFileReference; fileEncoding = 4; lastKnownFileType = text.script.perl; path = wgsim_eval.pl; sourceTree = "<group>"; };
		708772D912BC1780000F9B57 /* zoom2sam.pl */ = {isa = PBXFileReference; fileEncoding = 4; lastKnownFileType = text.script.perl; path = zoom2sam.pl; sourceTree = "<group>"; };
		708772DA12BC1780000F9B57 /* NEWS */ = {isa = PBXFileReference; fileEncoding = 4; lastKnownFileType = text; name = NEWS; path = "../../extern/samtools-0.1.7a/NEWS"; sourceTree = SOURCE_ROOT; };
		708772DB12BC1780000F9B57 /* razf.c */ = {isa = PBXFileReference; fileEncoding = 4; lastKnownFileType = sourcecode.c.c; name = razf.c; path = "../../extern/samtools-0.1.7a/razf.c"; sourceTree = SOURCE_ROOT; };
		708772DC12BC1780000F9B57 /* razf.h */ = {isa = PBXFileReference; fileEncoding = 4; lastKnownFileType = sourcecode.c.h; name = razf.h; path = "../../extern/samtools-0.1.7a/razf.h"; sourceTree = SOURCE_ROOT; };
		708772DD12BC1780000F9B57 /* razip.c */ = {isa = PBXFileReference; fileEncoding = 4; lastKnownFileType = sourcecode.c.c; name = razip.c; path = "../../extern/samtools-0.1.7a/razip.c"; sourceTree = SOURCE_ROOT; };
		708772DE12BC1780000F9B57 /* sam_header.c */ = {isa = PBXFileReference; fileEncoding = 4; lastKnownFileType = sourcecode.c.c; name = sam_header.c; path = "../../extern/samtools-0.1.7a/sam_header.c"; sourceTree = SOURCE_ROOT; };
		708772DF12BC1780000F9B57 /* sam_header.h */ = {isa = PBXFileReference; fileEncoding = 4; lastKnownFileType = sourcecode.c.h; name = sam_header.h; path = "../../extern/samtools-0.1.7a/sam_header.h"; sourceTree = SOURCE_ROOT; };
		708772E012BC1780000F9B57 /* sam_view.c */ = {isa = PBXFileReference; fileEncoding = 4; lastKnownFileType = sourcecode.c.c; name = sam_view.c; path = "../../extern/samtools-0.1.7a/sam_view.c"; sourceTree = SOURCE_ROOT; };
		708772E112BC1780000F9B57 /* sam.c */ = {isa = PBXFileReference; fileEncoding = 4; lastKnownFileType = sourcecode.c.c; name = sam.c; path = "../../extern/samtools-0.1.7a/sam.c"; sourceTree = SOURCE_ROOT; };
		708772E212BC1780000F9B57 /* sam.h */ = {isa = PBXFileReference; fileEncoding = 4; lastKnownFileType = sourcecode.c.h; name = sam.h; path = "../../extern/samtools-0.1.7a/sam.h"; sourceTree = SOURCE_ROOT; };
		708772E312BC1780000F9B57 /* samtools.1 */ = {isa = PBXFileReference; fileEncoding = 4; lastKnownFileType = text.man; name = samtools.1; path = "../../extern/samtools-0.1.7a/samtools.1"; sourceTree = SOURCE_ROOT; };
		708772E412BC1780000F9B57 /* samtools.txt */ = {isa = PBXFileReference; fileEncoding = 4; lastKnownFileType = text; name = samtools.txt; path = "../../extern/samtools-0.1.7a/samtools.txt"; sourceTree = SOURCE_ROOT; };
		708772E612BC1780000F9B57 /* xcurses.h */ = {isa = PBXFileReference; fileEncoding = 4; lastKnownFileType = sourcecode.c.h; path = xcurses.h; sourceTree = "<group>"; };
		708772E712BC1780000F9B57 /* zconf.h */ = {isa = PBXFileReference; fileEncoding = 4; lastKnownFileType = sourcecode.c.h; path = zconf.h; sourceTree = "<group>"; };
		708772E812BC1780000F9B57 /* zlib.h */ = {isa = PBXFileReference; fileEncoding = 4; lastKnownFileType = sourcecode.c.h; path = zlib.h; sourceTree = "<group>"; };
		7087730412BC18E9000F9B57 /* libbam.a */ = {isa = PBXFileReference; lastKnownFileType = archive.ar; name = libbam.a; path = "../../extern/samtools-0.1.7a/libbam.a"; sourceTree = SOURCE_ROOT; };
		7087730F12BC19BA000F9B57 /* error_count_cmdline.cpp */ = {isa = PBXFileReference; fileEncoding = 4; lastKnownFileType = sourcecode.cpp.cpp; name = error_count_cmdline.cpp; path = breseq/error_count_cmdline.cpp; sourceTree = SOURCE_ROOT; };
		7087731112BC19C5000F9B57 /* identify_mutations_cmdline.cpp */ = {isa = PBXFileReference; fileEncoding = 4; lastKnownFileType = sourcecode.cpp.cpp; name = identify_mutations_cmdline.cpp; path = breseq/identify_mutations_cmdline.cpp; sourceTree = SOURCE_ROOT; };
		7087747512BC1C06000F9B57 /* alignment.h */ = {isa = PBXFileReference; fileEncoding = 4; lastKnownFileType = sourcecode.c.h; name = alignment.h; path = breseq/breseq/alignment.h; sourceTree = SOURCE_ROOT; };
		7087747612BC1C06000F9B57 /* common.h */ = {isa = PBXFileReference; fileEncoding = 4; lastKnownFileType = sourcecode.c.h; name = common.h; path = breseq/breseq/common.h; sourceTree = SOURCE_ROOT; };
		7087747712BC1C06000F9B57 /* error_count.h */ = {isa = PBXFileReference; fileEncoding = 4; lastKnownFileType = sourcecode.c.h; name = error_count.h; path = breseq/breseq/error_count.h; sourceTree = SOURCE_ROOT; };
		7087747812BC1C06000F9B57 /* genome_diff.h */ = {isa = PBXFileReference; fileEncoding = 4; lastKnownFileType = sourcecode.c.h; name = genome_diff.h; path = breseq/breseq/genome_diff.h; sourceTree = SOURCE_ROOT; };
		7087747912BC1C06000F9B57 /* identify_mutations.h */ = {isa = PBXFileReference; fileEncoding = 4; lastKnownFileType = sourcecode.c.h; name = identify_mutations.h; path = breseq/breseq/identify_mutations.h; sourceTree = SOURCE_ROOT; };
		7087747A12BC1C06000F9B57 /* pileup.h */ = {isa = PBXFileReference; fileEncoding = 4; lastKnownFileType = sourcecode.c.h; name = pileup.h; path = breseq/breseq/pileup.h; sourceTree = SOURCE_ROOT; };
		7087747B12BC1C06000F9B57 /* pileup_base.h */ = {isa = PBXFileReference; fileEncoding = 4; lastKnownFileType = sourcecode.c.h; name = pileup_base.h; path = breseq/breseq/pileup_base.h; sourceTree = SOURCE_ROOT; };
		70A5BC1912BE6EBF005EFE9F /* calc_trims */ = {isa = PBXFileReference; explicitFileType = "compiled.mach-o.executable"; includeInIndex = 0; path = calc_trims; sourceTree = BUILT_PRODUCTS_DIR; };
		70A5BC2512BE6F21005EFE9F /* calc_trims_cmdline.cpp */ = {isa = PBXFileReference; fileEncoding = 4; lastKnownFileType = sourcecode.cpp.cpp; name = calc_trims_cmdline.cpp; path = breseq/calc_trims_cmdline.cpp; sourceTree = SOURCE_ROOT; };
/* End PBXFileReference section */

/* Begin PBXFrameworksBuildPhase section */
		421ACF2D1170DF1800C2EB85 /* Frameworks */ = {
			isa = PBXFrameworksBuildPhase;
			buildActionMask = 2147483647;
			files = (
				708774D812BC21BA000F9B57 /* libboost_program_options-mt.a in Frameworks */,
				42B6ED6911C6879B0075F8A3 /* libbreseq.a in Frameworks */,
			);
			runOnlyForDeploymentPostprocessing = 0;
		};
		42B6EDC011C69CC70075F8A3 /* Frameworks */ = {
			isa = PBXFrameworksBuildPhase;
			buildActionMask = 2147483647;
			files = (
				708774D712BC21B9000F9B57 /* libboost_program_options-mt.a in Frameworks */,
				708774E012BC2260000F9B57 /* libbreseq.a in Frameworks */,
			);
			runOnlyForDeploymentPostprocessing = 0;
		};
		42BA690A1189B7FD000B00B1 /* Frameworks */ = {
			isa = PBXFrameworksBuildPhase;
			buildActionMask = 2147483647;
			files = (
				4247E82C1268EC3E006A6D78 /* libz.a in Frameworks */,
				7087730512BC18E9000F9B57 /* libbam.a in Frameworks */,
			);
			runOnlyForDeploymentPostprocessing = 0;
		};
		70A5BC1312BE6EBF005EFE9F /* Frameworks */ = {
			isa = PBXFrameworksBuildPhase;
			buildActionMask = 2147483647;
			files = (
				70A5BC1412BE6EBF005EFE9F /* libboost_program_options-mt.a in Frameworks */,
				70A5BC1512BE6EBF005EFE9F /* libbreseq.a in Frameworks */,
			);
			runOnlyForDeploymentPostprocessing = 0;
		};
/* End PBXFrameworksBuildPhase section */

/* Begin PBXGroup section */
		421ACEB51170DB9600C2EB85 = {
			isa = PBXGroup;
			children = (
				4247E8251268EB90006A6D78 /* etc */,
				4247E77F1268E175006A6D78 /* breseq */,
				4247E7B11268E175006A6D78 /* samtools-0.1.7a */,
				421ACF5F1170E06300C2EB85 /* lib */,
				421ACF301170DF1800C2EB85 /* Products */,
			);
			sourceTree = "<group>";
		};
		421ACF301170DF1800C2EB85 /* Products */ = {
			isa = PBXGroup;
			children = (
				42BA690C1189B7FD000B00B1 /* libbreseq.a */,
				70A5BC1912BE6EBF005EFE9F /* calc_trims */,
				421ACF2F1170DF1800C2EB85 /* error_count */,
				42B6EDC811C69CC70075F8A3 /* identify_mutations */,
			);
			name = Products;
			sourceTree = "<group>";
		};
		421ACF5F1170E06300C2EB85 /* lib */ = {
			isa = PBXGroup;
			children = (
				7087730412BC18E9000F9B57 /* libbam.a */,
				421ACFAC1170F05500C2EB85 /* libz.a */,
				421ACF7D1170E5CA00C2EB85 /* libboost_program_options-mt.a */,
			);
			name = lib;
			sourceTree = "<group>";
		};
		4247E77F1268E175006A6D78 /* breseq */ = {
			isa = PBXGroup;
			children = (
				7087747412BC1C06000F9B57 /* breseq */,
				70A5BC2512BE6F21005EFE9F /* calc_trims_cmdline.cpp */,
				7087728912BC169C000F9B57 /* error_count.cpp */,
				7087730F12BC19BA000F9B57 /* error_count_cmdline.cpp */,
				7087728A12BC169C000F9B57 /* genome_diff.cpp */,
				7087728B12BC169C000F9B57 /* identify_mutations.cpp */,
				7087731112BC19C5000F9B57 /* identify_mutations_cmdline.cpp */,
				7087728C12BC169C000F9B57 /* pileup_base.cpp */,
				7087728D12BC169C000F9B57 /* pileup.cpp */,
				7087728712BC1660000F9B57 /* alignment.cpp */,
			);
			name = breseq;
			path = "breseq-1.0";
			sourceTree = "<group>";
		};
		4247E7B11268E175006A6D78 /* samtools-0.1.7a */ = {
			isa = PBXGroup;
			children = (
				7087729512BC1780000F9B57 /* AUTHORS */,
				7087729612BC1780000F9B57 /* bam_aux.c */,
				7087729712BC1780000F9B57 /* bam_color.c */,
				7087729812BC1780000F9B57 /* bam_endian.h */,
				7087729912BC1780000F9B57 /* bam_import.c */,
				7087729A12BC1780000F9B57 /* bam_index.c */,
				7087729B12BC1780000F9B57 /* bam_lpileup.c */,
				7087729C12BC1780000F9B57 /* bam_maqcns.c */,
				7087729D12BC1780000F9B57 /* bam_maqcns.h */,
				7087729E12BC1780000F9B57 /* bam_mate.c */,
				7087729F12BC1780000F9B57 /* bam_md.c */,
				708772A012BC1780000F9B57 /* bam_pileup.c */,
				708772A112BC1780000F9B57 /* bam_plcmd.c */,
				708772A212BC1780000F9B57 /* bam_rmdup.c */,
				708772A312BC1780000F9B57 /* bam_rmdupse.c */,
				708772A412BC1780000F9B57 /* bam_sort.c */,
				708772A512BC1780000F9B57 /* bam_stat.c */,
				708772A612BC1780000F9B57 /* bam_tview.c */,
				708772A712BC1780000F9B57 /* bam.c */,
				708772A812BC1780000F9B57 /* bam.h */,
				708772A912BC1780000F9B57 /* bamtk.c */,
				708772AA12BC1780000F9B57 /* bgzf.c */,
				708772AB12BC1780000F9B57 /* bgzf.h */,
				708772AC12BC1780000F9B57 /* bgzip.c */,
				708772AD12BC1780000F9B57 /* ChangeLog */,
				708772AE12BC1780000F9B57 /* COPYING */,
				708772AF12BC1780000F9B57 /* examples */,
				708772B412BC1780000F9B57 /* faidx.c */,
				708772B512BC1780000F9B57 /* faidx.h */,
				708772B612BC1780000F9B57 /* glf.c */,
				708772B712BC1780000F9B57 /* glf.h */,
				708772B812BC1780000F9B57 /* INSTALL */,
				708772B912BC1780000F9B57 /* kaln.c */,
				708772BA12BC1780000F9B57 /* kaln.h */,
				708772BB12BC1780000F9B57 /* khash.h */,
				708772BC12BC1780000F9B57 /* klist.h */,
				708772BD12BC1780000F9B57 /* knetfile.c */,
				708772BE12BC1780000F9B57 /* knetfile.h */,
				708772BF12BC1780000F9B57 /* kseq.h */,
				708772C012BC1780000F9B57 /* ksort.h */,
				708772C112BC1780000F9B57 /* kstring.c */,
				708772C212BC1780000F9B57 /* kstring.h */,
				708772C312BC1780000F9B57 /* Makefile */,
				708772C412BC1780000F9B57 /* Makefile.am */,
				708772C512BC1780000F9B57 /* Makefile.in */,
				708772C612BC1780000F9B57 /* Makefile.mingw */,
				708772C712BC1780000F9B57 /* Makefile.orig */,
				708772C812BC1780000F9B57 /* misc */,
				708772DA12BC1780000F9B57 /* NEWS */,
				708772DB12BC1780000F9B57 /* razf.c */,
				708772DC12BC1780000F9B57 /* razf.h */,
				708772DD12BC1780000F9B57 /* razip.c */,
				708772DE12BC1780000F9B57 /* sam_header.c */,
				708772DF12BC1780000F9B57 /* sam_header.h */,
				708772E012BC1780000F9B57 /* sam_view.c */,
				708772E112BC1780000F9B57 /* sam.c */,
				708772E212BC1780000F9B57 /* sam.h */,
				708772E312BC1780000F9B57 /* samtools.1 */,
				708772E412BC1780000F9B57 /* samtools.txt */,
				708772E512BC1780000F9B57 /* win32 */,
			);
			path = "samtools-0.1.7a";
			sourceTree = "<group>";
		};
		4247E8251268EB90006A6D78 /* etc */ = {
			isa = PBXGroup;
			children = (
				4247E8261268EB90006A6D78 /* debug.xcconfig */,
			);
			name = etc;
			path = ../../etc;
			sourceTree = SOURCE_ROOT;
		};
		708772AF12BC1780000F9B57 /* examples */ = {
			isa = PBXGroup;
			children = (
				708772B012BC1780000F9B57 /* 00README.txt */,
				708772B112BC1780000F9B57 /* calDepth.c */,
				708772B212BC1780000F9B57 /* ex1.fa */,
				708772B312BC1780000F9B57 /* Makefile */,
			);
			name = examples;
			path = "../../extern/samtools-0.1.7a/examples";
			sourceTree = SOURCE_ROOT;
		};
		708772C812BC1780000F9B57 /* misc */ = {
			isa = PBXGroup;
			children = (
				708772C912BC1780000F9B57 /* blast2sam.pl */,
				708772CA12BC1780000F9B57 /* bowtie2sam.pl */,
				708772CB12BC1780000F9B57 /* export2sam.pl */,
				708772CC12BC1780000F9B57 /* interpolate_sam.pl */,
				708772CD12BC1780000F9B57 /* Makefile */,
				708772CE12BC1780000F9B57 /* maq2sam.c */,
				708772CF12BC1780000F9B57 /* md5.c */,
				708772D012BC1780000F9B57 /* md5.h */,
				708772D112BC1780000F9B57 /* md5fa.c */,
				708772D212BC1780000F9B57 /* novo2sam.pl */,
				708772D312BC1780000F9B57 /* psl2sam.pl */,
				708772D412BC1780000F9B57 /* sam2vcf.pl */,
				708772D512BC1780000F9B57 /* samtools.pl */,
				708772D612BC1780000F9B57 /* soap2sam.pl */,
				708772D712BC1780000F9B57 /* wgsim.c */,
				708772D812BC1780000F9B57 /* wgsim_eval.pl */,
				708772D912BC1780000F9B57 /* zoom2sam.pl */,
			);
			name = misc;
			path = "../../extern/samtools-0.1.7a/misc";
			sourceTree = SOURCE_ROOT;
		};
		708772E512BC1780000F9B57 /* win32 */ = {
			isa = PBXGroup;
			children = (
				708772E612BC1780000F9B57 /* xcurses.h */,
				708772E712BC1780000F9B57 /* zconf.h */,
				708772E812BC1780000F9B57 /* zlib.h */,
			);
			name = win32;
			path = "../../extern/samtools-0.1.7a/win32";
			sourceTree = SOURCE_ROOT;
		};
		7087747412BC1C06000F9B57 /* breseq */ = {
			isa = PBXGroup;
			children = (
				7087747512BC1C06000F9B57 /* alignment.h */,
				7087747612BC1C06000F9B57 /* common.h */,
				7087747712BC1C06000F9B57 /* error_count.h */,
				7087747812BC1C06000F9B57 /* genome_diff.h */,
				7087747912BC1C06000F9B57 /* identify_mutations.h */,
				7087747A12BC1C06000F9B57 /* pileup.h */,
				7087747B12BC1C06000F9B57 /* pileup_base.h */,
			);
			name = breseq;
			path = breseq/breseq;
			sourceTree = SOURCE_ROOT;
		};
/* End PBXGroup section */

/* Begin PBXHeadersBuildPhase section */
		42BA69081189B7FD000B00B1 /* Headers */ = {
			isa = PBXHeadersBuildPhase;
			buildActionMask = 2147483647;
			files = (
				7087748212BC1C31000F9B57 /* alignment.h in Headers */,
				7087748312BC1C31000F9B57 /* common.h in Headers */,
				7087748412BC1C31000F9B57 /* error_count.h in Headers */,
				7087748512BC1C31000F9B57 /* genome_diff.h in Headers */,
				7087748612BC1C31000F9B57 /* identify_mutations.h in Headers */,
				7087748712BC1C31000F9B57 /* pileup.h in Headers */,
				7087748812BC1C31000F9B57 /* pileup_base.h in Headers */,
			);
			runOnlyForDeploymentPostprocessing = 0;
		};
/* End PBXHeadersBuildPhase section */

/* Begin PBXLegacyTarget section */
		421ACF201170DC4400C2EB85 /* samtools */ = {
			isa = PBXLegacyTarget;
			buildArgumentsString = "$(ACTION)";
			buildConfigurationList = 421ACF251170DC6C00C2EB85 /* Build configuration list for PBXLegacyTarget "samtools" */;
			buildPhases = (
			);
			buildToolPath = /usr/bin/make;
			buildWorkingDirectory = "$(PROJECT_DIR)/../../extern/samtools-0.1.7a";
			dependencies = (
			);
			name = samtools;
			passBuildSettingsInEnvironment = 1;
			productName = samtools;
		};
/* End PBXLegacyTarget section */

/* Begin PBXNativeTarget section */
		421ACF2E1170DF1800C2EB85 /* error_count */ = {
			isa = PBXNativeTarget;
			buildConfigurationList = 421ACF341170DF1800C2EB85 /* Build configuration list for PBXNativeTarget "error_count" */;
			buildPhases = (
				421ACF2C1170DF1800C2EB85 /* Sources */,
				421ACF2D1170DF1800C2EB85 /* Frameworks */,
			);
			buildRules = (
			);
			dependencies = (
				421ACF611170E07C00C2EB85 /* PBXTargetDependency */,
				42BA691C1189B877000B00B1 /* PBXTargetDependency */,
			);
			name = error_count;
			productName = error_count;
			productReference = 421ACF2F1170DF1800C2EB85 /* error_count */;
			productType = "com.apple.product-type.tool";
		};
		42B6EDB811C69CC70075F8A3 /* identify_mutations */ = {
			isa = PBXNativeTarget;
			buildConfigurationList = 42B6EDC511C69CC70075F8A3 /* Build configuration list for PBXNativeTarget "identify_mutations" */;
			buildPhases = (
				42B6EDBD11C69CC70075F8A3 /* Sources */,
				42B6EDC011C69CC70075F8A3 /* Frameworks */,
			);
			buildRules = (
			);
			dependencies = (
				42B6EDB911C69CC70075F8A3 /* PBXTargetDependency */,
				42B6EDBB11C69CC70075F8A3 /* PBXTargetDependency */,
			);
			name = identify_mutations;
			productName = error_count;
			productReference = 42B6EDC811C69CC70075F8A3 /* identify_mutations */;
			productType = "com.apple.product-type.tool";
		};
		42BA690B1189B7FD000B00B1 /* breseq */ = {
			isa = PBXNativeTarget;
			buildConfigurationList = 42BA69191189B83D000B00B1 /* Build configuration list for PBXNativeTarget "breseq" */;
			buildPhases = (
				42BA69081189B7FD000B00B1 /* Headers */,
				42BA69091189B7FD000B00B1 /* Sources */,
				42BA690A1189B7FD000B00B1 /* Frameworks */,
			);
			buildRules = (
			);
			dependencies = (
			);
			name = breseq;
			productName = breseq;
			productReference = 42BA690C1189B7FD000B00B1 /* libbreseq.a */;
			productType = "com.apple.product-type.library.static";
		};
		70A5BC0C12BE6EBF005EFE9F /* calc_trims */ = {
			isa = PBXNativeTarget;
			buildConfigurationList = 70A5BC1612BE6EBF005EFE9F /* Build configuration list for PBXNativeTarget "calc_trims" */;
			buildPhases = (
				70A5BC1112BE6EBF005EFE9F /* Sources */,
				70A5BC1312BE6EBF005EFE9F /* Frameworks */,
			);
			buildRules = (
			);
			dependencies = (
				70A5BC0D12BE6EBF005EFE9F /* PBXTargetDependency */,
				70A5BC0F12BE6EBF005EFE9F /* PBXTargetDependency */,
			);
			name = calc_trims;
			productName = error_count;
			productReference = 70A5BC1912BE6EBF005EFE9F /* calc_trims */;
			productType = "com.apple.product-type.tool";
		};
/* End PBXNativeTarget section */

/* Begin PBXProject section */
		421ACEB71170DB9600C2EB85 /* Project object */ = {
			isa = PBXProject;
			buildConfigurationList = 421ACEBA1170DB9600C2EB85 /* Build configuration list for PBXProject "breseq" */;
			compatibilityVersion = "Xcode 2.4";
			developmentRegion = English;
			hasScannedForEncodings = 0;
			knownRegions = (
				English,
				Japanese,
				French,
				German,
			);
			mainGroup = 421ACEB51170DB9600C2EB85;
			productRefGroup = 421ACF301170DF1800C2EB85 /* Products */;
			projectDirPath = "";
			projectRoot = "";
			targets = (
				422D46201219DEFF003FD94D /* all */,
				421ACF201170DC4400C2EB85 /* samtools */,
				42B6EDB811C69CC70075F8A3 /* identify_mutations */,
				421ACF2E1170DF1800C2EB85 /* error_count */,
				42BA690B1189B7FD000B00B1 /* breseq */,
				70A5BC0C12BE6EBF005EFE9F /* calc_trims */,
			);
		};
/* End PBXProject section */

/* Begin PBXSourcesBuildPhase section */
		421ACF2C1170DF1800C2EB85 /* Sources */ = {
			isa = PBXSourcesBuildPhase;
			buildActionMask = 2147483647;
			files = (
				7087731012BC19BA000F9B57 /* error_count_cmdline.cpp in Sources */,
			);
			runOnlyForDeploymentPostprocessing = 0;
		};
		42B6EDBD11C69CC70075F8A3 /* Sources */ = {
			isa = PBXSourcesBuildPhase;
			buildActionMask = 2147483647;
			files = (
				7087731312BC19F4000F9B57 /* identify_mutations_cmdline.cpp in Sources */,
			);
			runOnlyForDeploymentPostprocessing = 0;
		};
		42BA69091189B7FD000B00B1 /* Sources */ = {
			isa = PBXSourcesBuildPhase;
			buildActionMask = 2147483647;
			files = (
				7087728812BC1660000F9B57 /* alignment.cpp in Sources */,
				7087728E12BC169C000F9B57 /* error_count.cpp in Sources */,
				7087728F12BC169C000F9B57 /* genome_diff.cpp in Sources */,
				7087729012BC169C000F9B57 /* identify_mutations.cpp in Sources */,
				7087729112BC169C000F9B57 /* pileup_base.cpp in Sources */,
				7087729212BC169C000F9B57 /* pileup.cpp in Sources */,
			);
			runOnlyForDeploymentPostprocessing = 0;
		};
		70A5BC1112BE6EBF005EFE9F /* Sources */ = {
			isa = PBXSourcesBuildPhase;
			buildActionMask = 2147483647;
			files = (
				70A5BC2612BE6F21005EFE9F /* calc_trims_cmdline.cpp in Sources */,
			);
			runOnlyForDeploymentPostprocessing = 0;
		};
/* End PBXSourcesBuildPhase section */

/* Begin PBXTargetDependency section */
		421ACF611170E07C00C2EB85 /* PBXTargetDependency */ = {
			isa = PBXTargetDependency;
			target = 421ACF201170DC4400C2EB85 /* samtools */;
			targetProxy = 421ACF601170E07C00C2EB85 /* PBXContainerItemProxy */;
		};
		422D46241219DF08003FD94D /* PBXTargetDependency */ = {
			isa = PBXTargetDependency;
			target = 42BA690B1189B7FD000B00B1 /* breseq */;
			targetProxy = 422D46231219DF08003FD94D /* PBXContainerItemProxy */;
		};
		422D46261219DF08003FD94D /* PBXTargetDependency */ = {
			isa = PBXTargetDependency;
			target = 421ACF2E1170DF1800C2EB85 /* error_count */;
			targetProxy = 422D46251219DF08003FD94D /* PBXContainerItemProxy */;
		};
		422D46281219DF08003FD94D /* PBXTargetDependency */ = {
			isa = PBXTargetDependency;
			target = 42B6EDB811C69CC70075F8A3 /* identify_mutations */;
			targetProxy = 422D46271219DF08003FD94D /* PBXContainerItemProxy */;
		};
		422D462A1219DF08003FD94D /* PBXTargetDependency */ = {
			isa = PBXTargetDependency;
			target = 421ACF201170DC4400C2EB85 /* samtools */;
			targetProxy = 422D46291219DF08003FD94D /* PBXContainerItemProxy */;
		};
		42B6EDB911C69CC70075F8A3 /* PBXTargetDependency */ = {
			isa = PBXTargetDependency;
			target = 421ACF201170DC4400C2EB85 /* samtools */;
			targetProxy = 42B6EDBA11C69CC70075F8A3 /* PBXContainerItemProxy */;
		};
		42B6EDBB11C69CC70075F8A3 /* PBXTargetDependency */ = {
			isa = PBXTargetDependency;
			target = 42BA690B1189B7FD000B00B1 /* breseq */;
			targetProxy = 42B6EDBC11C69CC70075F8A3 /* PBXContainerItemProxy */;
		};
		42BA691C1189B877000B00B1 /* PBXTargetDependency */ = {
			isa = PBXTargetDependency;
			target = 42BA690B1189B7FD000B00B1 /* breseq */;
			targetProxy = 42BA691B1189B877000B00B1 /* PBXContainerItemProxy */;
		};
		70A5BC0D12BE6EBF005EFE9F /* PBXTargetDependency */ = {
			isa = PBXTargetDependency;
			target = 421ACF201170DC4400C2EB85 /* samtools */;
			targetProxy = 70A5BC0E12BE6EBF005EFE9F /* PBXContainerItemProxy */;
		};
		70A5BC0F12BE6EBF005EFE9F /* PBXTargetDependency */ = {
			isa = PBXTargetDependency;
			target = 42BA690B1189B7FD000B00B1 /* breseq */;
			targetProxy = 70A5BC1012BE6EBF005EFE9F /* PBXContainerItemProxy */;
		};
/* End PBXTargetDependency section */

/* Begin XCBuildConfiguration section */
		421ACEB81170DB9600C2EB85 /* Debug */ = {
			isa = XCBuildConfiguration;
			buildSettings = {
				COPY_PHASE_STRIP = NO;
			};
			name = Debug;
		};
		421ACEB91170DB9600C2EB85 /* Release */ = {
			isa = XCBuildConfiguration;
			buildSettings = {
				COPY_PHASE_STRIP = YES;
			};
			name = Release;
		};
		421ACF211170DC4400C2EB85 /* Debug */ = {
			isa = XCBuildConfiguration;
			buildSettings = {
				COPY_PHASE_STRIP = NO;
				GCC_DYNAMIC_NO_PIC = NO;
				GCC_OPTIMIZATION_LEVEL = 0;
				PRODUCT_NAME = samtools;
			};
			name = Debug;
		};
		421ACF221170DC4400C2EB85 /* Release */ = {
			isa = XCBuildConfiguration;
			buildSettings = {
				COPY_PHASE_STRIP = YES;
				DEBUG_INFORMATION_FORMAT = "dwarf-with-dsym";
				GCC_ENABLE_FIX_AND_CONTINUE = NO;
				PRODUCT_NAME = samtools;
				ZERO_LINK = NO;
			};
			name = Release;
		};
		421ACF321170DF1800C2EB85 /* Debug */ = {
			isa = XCBuildConfiguration;
			baseConfigurationReference = 4247E8261268EB90006A6D78 /* debug.xcconfig */;
			buildSettings = {
				ALWAYS_SEARCH_USER_PATHS = NO;
				ARCHS = "$(ARCHS_STANDARD_64_BIT_PRE_XCODE_3_1)";
				ARCHS_STANDARD_64_BIT_PRE_XCODE_3_1 = x86_64;
				COPY_PHASE_STRIP = NO;
				GCC_DYNAMIC_NO_PIC = NO;
				GCC_ENABLE_FIX_AND_CONTINUE = YES;
				HEADER_SEARCH_PATHS = (
					"$(HEADER_SEARCH_PATHS_QUOTED_FOR_TARGET_1)",
					"$(HEADER_SEARCH_PATHS_QUOTED_FOR_TARGET_2)",
				);
				HEADER_SEARCH_PATHS_QUOTED_FOR_TARGET_1 = "\"$(SRCROOT)/\"/**";
				HEADER_SEARCH_PATHS_QUOTED_FOR_TARGET_2 = "\"$(SRCROOT)/../../extern/samtools-0.1.7a\"/**";
				INSTALL_PATH = /usr/local/bin;
				LIBRARY_SEARCH_PATHS = (
					"$(inherited)",
					/opt/local/lib,
					"$(LIBRARY_SEARCH_PATHS_QUOTED_FOR_TARGET_1)",
					"$(LIBRARY_SEARCH_PATHS_QUOTED_FOR_TARGET_1)",
					"$(LIBRARY_SEARCH_PATHS_QUOTED_FOR_TARGET_2)",
					"$(LIBRARY_SEARCH_PATHS_QUOTED_FOR_TARGET_3)",
				);
				LIBRARY_SEARCH_PATHS_QUOTED_FOR_TARGET_1 = "\"$(SRCROOT)/.libs\"";
				LIBRARY_SEARCH_PATHS_QUOTED_FOR_TARGET_2 = "\"$(SRCROOT)/breseq/.libs\"";
				LIBRARY_SEARCH_PATHS_QUOTED_FOR_TARGET_3 = "\"$(SRCROOT)/build/Debug\"";
				PREBINDING = NO;
				PRODUCT_NAME = error_count;
				USER_HEADER_SEARCH_PATHS = "$(PROJECT_DIR)/error_count/include";
			};
			name = Debug;
		};
		421ACF331170DF1800C2EB85 /* Release */ = {
			isa = XCBuildConfiguration;
			buildSettings = {
				ALWAYS_SEARCH_USER_PATHS = NO;
				ARCHS = "$(ARCHS_STANDARD_64_BIT_PRE_XCODE_3_1)";
				ARCHS_STANDARD_64_BIT_PRE_XCODE_3_1 = x86_64;
				COPY_PHASE_STRIP = YES;
				DEBUG_INFORMATION_FORMAT = "dwarf-with-dsym";
				GCC_ENABLE_FIX_AND_CONTINUE = NO;
				GCC_MODEL_TUNING = G5;
				HEADER_SEARCH_PATHS = (
					"$(HEADER_SEARCH_PATHS_QUOTED_FOR_TARGET_1)",
					"$(HEADER_SEARCH_PATHS_QUOTED_FOR_TARGET_2)",
				);
				HEADER_SEARCH_PATHS_QUOTED_FOR_TARGET_1 = "\"$(SRCROOT)/\"/**";
				HEADER_SEARCH_PATHS_QUOTED_FOR_TARGET_2 = "\"$(SRCROOT)/../../extern/samtools-0.1.7a\"/**";
				INSTALL_PATH = /usr/local/bin;
				LIBRARY_SEARCH_PATHS = (
					"$(inherited)",
					"$(LIBRARY_SEARCH_PATHS_QUOTED_FOR_TARGET_1)",
					/opt/local/lib,
					"$(LIBRARY_SEARCH_PATHS_QUOTED_FOR_TARGET_2)",
					"$(LIBRARY_SEARCH_PATHS_QUOTED_FOR_TARGET_3)",
					"$(LIBRARY_SEARCH_PATHS_QUOTED_FOR_TARGET_4)",
					"$(LIBRARY_SEARCH_PATHS_QUOTED_FOR_TARGET_5)",
				);
				LIBRARY_SEARCH_PATHS_QUOTED_FOR_TARGET_1 = "\"$(SRCROOT)/samtools-0.1.7a\"";
				LIBRARY_SEARCH_PATHS_QUOTED_FOR_TARGET_2 = "\"$(SRCROOT)/../../extern/samtools-0.1.7a\"";
				LIBRARY_SEARCH_PATHS_QUOTED_FOR_TARGET_3 = "\"$(SRCROOT)/.libs\"";
				LIBRARY_SEARCH_PATHS_QUOTED_FOR_TARGET_4 = "\"$(SRCROOT)/breseq/.libs\"";
				LIBRARY_SEARCH_PATHS_QUOTED_FOR_TARGET_5 = "\"$(SRCROOT)/build/Debug\"";
				PREBINDING = NO;
				PRODUCT_NAME = error_count;
				ZERO_LINK = NO;
			};
			name = Release;
		};
		422D46211219DEFF003FD94D /* Debug */ = {
			isa = XCBuildConfiguration;
			buildSettings = {
				COPY_PHASE_STRIP = NO;
				GCC_DYNAMIC_NO_PIC = NO;
				GCC_OPTIMIZATION_LEVEL = 0;
				PRODUCT_NAME = all;
			};
			name = Debug;
		};
		422D46221219DEFF003FD94D /* Release */ = {
			isa = XCBuildConfiguration;
			buildSettings = {
				COPY_PHASE_STRIP = YES;
				DEBUG_INFORMATION_FORMAT = "dwarf-with-dsym";
				GCC_ENABLE_FIX_AND_CONTINUE = NO;
				PRODUCT_NAME = all;
				ZERO_LINK = NO;
			};
			name = Release;
		};
		42B6EDC611C69CC70075F8A3 /* Debug */ = {
			isa = XCBuildConfiguration;
			baseConfigurationReference = 4247E8261268EB90006A6D78 /* debug.xcconfig */;
			buildSettings = {
				ALWAYS_SEARCH_USER_PATHS = NO;
				ARCHS = "$(ARCHS_STANDARD_64_BIT_PRE_XCODE_3_1)";
				ARCHS_STANDARD_64_BIT_PRE_XCODE_3_1 = x86_64;
				COPY_PHASE_STRIP = NO;
				GCC_DYNAMIC_NO_PIC = NO;
				GCC_ENABLE_FIX_AND_CONTINUE = YES;
				GCC_OPTIMIZATION_LEVEL = 0;
				GCC_WARN_ABOUT_POINTER_SIGNEDNESS = YES;
				HEADER_SEARCH_PATHS = (
					"$(HEADER_SEARCH_PATHS_QUOTED_FOR_TARGET_1)",
					"$(HEADER_SEARCH_PATHS_QUOTED_FOR_TARGET_2)",
				);
				HEADER_SEARCH_PATHS_QUOTED_FOR_TARGET_1 = "\"$(SRCROOT)/\"/**";
				HEADER_SEARCH_PATHS_QUOTED_FOR_TARGET_2 = "\"$(SRCROOT)/../../extern/samtools-0.1.7a\"/**";
				INSTALL_PATH = /usr/local/bin;
				LIBRARY_SEARCH_PATHS = (
					"$(inherited)",
					/opt/local/lib,
				);
				PREBINDING = NO;
				PRODUCT_NAME = identify_mutations;
				USER_HEADER_SEARCH_PATHS = "";
			};
			name = Debug;
		};
		42B6EDC711C69CC70075F8A3 /* Release */ = {
			isa = XCBuildConfiguration;
			buildSettings = {
				ALWAYS_SEARCH_USER_PATHS = NO;
				ARCHS = "$(ARCHS_STANDARD_64_BIT_PRE_XCODE_3_1)";
				ARCHS_STANDARD_64_BIT_PRE_XCODE_3_1 = x86_64;
				COPY_PHASE_STRIP = YES;
				DEBUG_INFORMATION_FORMAT = "dwarf-with-dsym";
				GCC_ENABLE_FIX_AND_CONTINUE = NO;
				GCC_MODEL_TUNING = G5;
				HEADER_SEARCH_PATHS = (
					"$(HEADER_SEARCH_PATHS_QUOTED_FOR_TARGET_1)",
					"$(HEADER_SEARCH_PATHS_QUOTED_FOR_TARGET_2)",
				);
				HEADER_SEARCH_PATHS_QUOTED_FOR_TARGET_1 = "\"$(SRCROOT)/\"/**";
				HEADER_SEARCH_PATHS_QUOTED_FOR_TARGET_2 = "\"$(SRCROOT)/../../extern/samtools-0.1.7a\"/**";
				INSTALL_PATH = /usr/local/bin;
				LIBRARY_SEARCH_PATHS = (
					"$(inherited)",
					/opt/local/lib,
				);
				LIBRARY_SEARCH_PATHS_QUOTED_FOR_TARGET_1 = "\"$(SRCROOT)/samtools-0.1.7a\"";
				LIBRARY_SEARCH_PATHS_QUOTED_FOR_TARGET_2 = "\"$(SRCROOT)/../../extern/samtools-0.1.7a\"";
				PREBINDING = NO;
				PRODUCT_NAME = error_count;
				USER_HEADER_SEARCH_PATHS = "";
				ZERO_LINK = NO;
			};
			name = Release;
		};
		42BA690D1189B7FE000B00B1 /* Debug */ = {
			isa = XCBuildConfiguration;
			baseConfigurationReference = 4247E8261268EB90006A6D78 /* debug.xcconfig */;
			buildSettings = {
				ARCHS = "$(ARCHS_STANDARD_64_BIT_PRE_XCODE_3_1)";
				ARCHS_STANDARD_64_BIT_PRE_XCODE_3_1 = x86_64;
				LIBRARY_SEARCH_PATHS = (
					"$(inherited)",
					/opt/local/lib,
					"$(LIBRARY_SEARCH_PATHS_QUOTED_FOR_TARGET_1)",
					"$(LIBRARY_SEARCH_PATHS_QUOTED_FOR_TARGET_2)",
					"$(LIBRARY_SEARCH_PATHS_QUOTED_FOR_TARGET_3)",
					"$(LIBRARY_SEARCH_PATHS_QUOTED_FOR_TARGET_4)",
					"$(LIBRARY_SEARCH_PATHS_QUOTED_FOR_TARGET_5)",
				);
				LIBRARY_SEARCH_PATHS_QUOTED_FOR_TARGET_1 = "\"$(SRCROOT)/samtools-0.1.7a/.libs\"";
				LIBRARY_SEARCH_PATHS_QUOTED_FOR_TARGET_2 = "\"$(SRCROOT)/../../extern/samtools-0.1.7a\"";
				LIBRARY_SEARCH_PATHS_QUOTED_FOR_TARGET_3 = "\"$(SRCROOT)/.libs\"";
				LIBRARY_SEARCH_PATHS_QUOTED_FOR_TARGET_4 = "\"$(SRCROOT)/breseq/.libs\"";
				LIBRARY_SEARCH_PATHS_QUOTED_FOR_TARGET_5 = "\"$(SRCROOT)/build/Debug\"";
				PRODUCT_NAME = breseq;
			};
			name = Debug;
		};
		42BA690E1189B7FE000B00B1 /* Release */ = {
			isa = XCBuildConfiguration;
			buildSettings = {
				ALWAYS_SEARCH_USER_PATHS = NO;
				ARCHS = "$(ARCHS_STANDARD_64_BIT_PRE_XCODE_3_1)";
				ARCHS_STANDARD_64_BIT_PRE_XCODE_3_1 = x86_64;
				COPY_PHASE_STRIP = YES;
				DEBUG_INFORMATION_FORMAT = "dwarf-with-dsym";
				GCC_ENABLE_FIX_AND_CONTINUE = NO;
				GCC_MODEL_TUNING = G5;
				INSTALL_PATH = /usr/local/lib;
				LIBRARY_SEARCH_PATHS = (
					"$(inherited)",
					/opt/local/lib,
					"$(LIBRARY_SEARCH_PATHS_QUOTED_FOR_TARGET_1)",
					"$(LIBRARY_SEARCH_PATHS_QUOTED_FOR_TARGET_2)",
					"$(LIBRARY_SEARCH_PATHS_QUOTED_FOR_TARGET_3)",
					"$(LIBRARY_SEARCH_PATHS_QUOTED_FOR_TARGET_4)",
					"$(LIBRARY_SEARCH_PATHS_QUOTED_FOR_TARGET_5)",
				);
				LIBRARY_SEARCH_PATHS_QUOTED_FOR_TARGET_1 = "\"$(SRCROOT)/samtools-0.1.7a/.libs\"";
				LIBRARY_SEARCH_PATHS_QUOTED_FOR_TARGET_2 = "\"$(SRCROOT)/../../extern/samtools-0.1.7a\"";
				LIBRARY_SEARCH_PATHS_QUOTED_FOR_TARGET_3 = "\"$(SRCROOT)/.libs\"";
				LIBRARY_SEARCH_PATHS_QUOTED_FOR_TARGET_4 = "\"$(SRCROOT)/breseq/.libs\"";
				LIBRARY_SEARCH_PATHS_QUOTED_FOR_TARGET_5 = "\"$(SRCROOT)/build/Debug\"";
				PREBINDING = NO;
				PRODUCT_NAME = breseq;
				ZERO_LINK = NO;
			};
			name = Release;
		};
		70A5BC1712BE6EBF005EFE9F /* Debug */ = {
			isa = XCBuildConfiguration;
			baseConfigurationReference = 4247E8261268EB90006A6D78 /* debug.xcconfig */;
			buildSettings = {
				ALWAYS_SEARCH_USER_PATHS = NO;
				ARCHS = "$(ARCHS_STANDARD_64_BIT_PRE_XCODE_3_1)";
				ARCHS_STANDARD_64_BIT_PRE_XCODE_3_1 = x86_64;
				COPY_PHASE_STRIP = NO;
				GCC_DYNAMIC_NO_PIC = NO;
				GCC_ENABLE_FIX_AND_CONTINUE = YES;
				HEADER_SEARCH_PATHS = (
					"$(HEADER_SEARCH_PATHS_QUOTED_FOR_TARGET_1)",
					"$(HEADER_SEARCH_PATHS_QUOTED_FOR_TARGET_2)",
				);
				HEADER_SEARCH_PATHS_QUOTED_FOR_TARGET_1 = "\"$(SRCROOT)/\"/**";
				HEADER_SEARCH_PATHS_QUOTED_FOR_TARGET_2 = "\"$(SRCROOT)/../../extern/samtools-0.1.7a\"/**";
				INSTALL_PATH = /usr/local/bin;
				LIBRARY_SEARCH_PATHS = (
					"$(inherited)",
					/opt/local/lib,
					"$(LIBRARY_SEARCH_PATHS_QUOTED_FOR_TARGET_1)",
					"$(LIBRARY_SEARCH_PATHS_QUOTED_FOR_TARGET_1)",
					"$(LIBRARY_SEARCH_PATHS_QUOTED_FOR_TARGET_2)",
					"$(LIBRARY_SEARCH_PATHS_QUOTED_FOR_TARGET_3)",
				);
				LIBRARY_SEARCH_PATHS_QUOTED_FOR_TARGET_1 = "\"$(SRCROOT)/.libs\"";
				LIBRARY_SEARCH_PATHS_QUOTED_FOR_TARGET_2 = "\"$(SRCROOT)/breseq/.libs\"";
				LIBRARY_SEARCH_PATHS_QUOTED_FOR_TARGET_3 = "\"$(SRCROOT)/build/Debug\"";
				PREBINDING = NO;
				PRODUCT_NAME = calc_trims;
				USER_HEADER_SEARCH_PATHS = "$(PROJECT_DIR)/error_count/include";
			};
			name = Debug;
		};
		70A5BC1812BE6EBF005EFE9F /* Release */ = {
			isa = XCBuildConfiguration;
			buildSettings = {
				ALWAYS_SEARCH_USER_PATHS = NO;
				ARCHS = "$(ARCHS_STANDARD_64_BIT_PRE_XCODE_3_1)";
				ARCHS_STANDARD_64_BIT_PRE_XCODE_3_1 = x86_64;
				COPY_PHASE_STRIP = YES;
				DEBUG_INFORMATION_FORMAT = "dwarf-with-dsym";
				GCC_ENABLE_FIX_AND_CONTINUE = NO;
				GCC_MODEL_TUNING = G5;
				HEADER_SEARCH_PATHS = (
					"$(HEADER_SEARCH_PATHS_QUOTED_FOR_TARGET_1)",
					"$(HEADER_SEARCH_PATHS_QUOTED_FOR_TARGET_2)",
				);
				HEADER_SEARCH_PATHS_QUOTED_FOR_TARGET_1 = "\"$(SRCROOT)/\"/**";
				HEADER_SEARCH_PATHS_QUOTED_FOR_TARGET_2 = "\"$(SRCROOT)/../../extern/samtools-0.1.7a\"/**";
				INSTALL_PATH = /usr/local/bin;
				LIBRARY_SEARCH_PATHS = (
					"$(inherited)",
					"$(LIBRARY_SEARCH_PATHS_QUOTED_FOR_TARGET_1)",
					/opt/local/lib,
					"$(LIBRARY_SEARCH_PATHS_QUOTED_FOR_TARGET_2)",
					"$(LIBRARY_SEARCH_PATHS_QUOTED_FOR_TARGET_3)",
					"$(LIBRARY_SEARCH_PATHS_QUOTED_FOR_TARGET_4)",
					"$(LIBRARY_SEARCH_PATHS_QUOTED_FOR_TARGET_5)",
				);
				LIBRARY_SEARCH_PATHS_QUOTED_FOR_TARGET_1 = "\"$(SRCROOT)/samtools-0.1.7a\"";
				LIBRARY_SEARCH_PATHS_QUOTED_FOR_TARGET_2 = "\"$(SRCROOT)/../../extern/samtools-0.1.7a\"";
				LIBRARY_SEARCH_PATHS_QUOTED_FOR_TARGET_3 = "\"$(SRCROOT)/.libs\"";
				LIBRARY_SEARCH_PATHS_QUOTED_FOR_TARGET_4 = "\"$(SRCROOT)/breseq/.libs\"";
				LIBRARY_SEARCH_PATHS_QUOTED_FOR_TARGET_5 = "\"$(SRCROOT)/build/Debug\"";
				PREBINDING = NO;
				PRODUCT_NAME = calc_trims;
				ZERO_LINK = NO;
			};
			name = Release;
		};
/* End XCBuildConfiguration section */

/* Begin XCConfigurationList section */
		421ACEBA1170DB9600C2EB85 /* Build configuration list for PBXProject "breseq" */ = {
			isa = XCConfigurationList;
			buildConfigurations = (
				421ACEB81170DB9600C2EB85 /* Debug */,
				421ACEB91170DB9600C2EB85 /* Release */,
			);
			defaultConfigurationIsVisible = 0;
			defaultConfigurationName = Release;
		};
		421ACF251170DC6C00C2EB85 /* Build configuration list for PBXLegacyTarget "samtools" */ = {
			isa = XCConfigurationList;
			buildConfigurations = (
				421ACF211170DC4400C2EB85 /* Debug */,
				421ACF221170DC4400C2EB85 /* Release */,
			);
			defaultConfigurationIsVisible = 0;
			defaultConfigurationName = Release;
		};
		421ACF341170DF1800C2EB85 /* Build configuration list for PBXNativeTarget "error_count" */ = {
			isa = XCConfigurationList;
			buildConfigurations = (
				421ACF321170DF1800C2EB85 /* Debug */,
				421ACF331170DF1800C2EB85 /* Release */,
			);
			defaultConfigurationIsVisible = 0;
			defaultConfigurationName = Release;
		};
		422D46371219DF1D003FD94D /* Build configuration list for PBXAggregateTarget "all" */ = {
			isa = XCConfigurationList;
			buildConfigurations = (
				422D46211219DEFF003FD94D /* Debug */,
				422D46221219DEFF003FD94D /* Release */,
			);
			defaultConfigurationIsVisible = 0;
			defaultConfigurationName = Release;
		};
		42B6EDC511C69CC70075F8A3 /* Build configuration list for PBXNativeTarget "identify_mutations" */ = {
			isa = XCConfigurationList;
			buildConfigurations = (
				42B6EDC611C69CC70075F8A3 /* Debug */,
				42B6EDC711C69CC70075F8A3 /* Release */,
			);
			defaultConfigurationIsVisible = 0;
			defaultConfigurationName = Release;
		};
		42BA69191189B83D000B00B1 /* Build configuration list for PBXNativeTarget "breseq" */ = {
			isa = XCConfigurationList;
			buildConfigurations = (
				42BA690D1189B7FE000B00B1 /* Debug */,
				42BA690E1189B7FE000B00B1 /* Release */,
			);
			defaultConfigurationIsVisible = 0;
			defaultConfigurationName = Release;
		};
		70A5BC1612BE6EBF005EFE9F /* Build configuration list for PBXNativeTarget "calc_trims" */ = {
			isa = XCConfigurationList;
			buildConfigurations = (
				70A5BC1712BE6EBF005EFE9F /* Debug */,
				70A5BC1812BE6EBF005EFE9F /* Release */,
			);
			defaultConfigurationIsVisible = 0;
			defaultConfigurationName = Release;
		};
/* End XCConfigurationList section */
	};
	rootObject = 421ACEB71170DB9600C2EB85 /* Project object */;
}
