<?xml version="1.0" encoding="UTF-8"?>
<Scheme
   version = "1.8">
   <BuildAction
      parallelizeBuildables = "YES"
      buildImplicitDependencies = "YES">
      <BuildActionEntries>
         <BuildActionEntry
            buildForTesting = "YES"
            buildForRunning = "YES"
            buildForProfiling = "YES"
            buildForArchiving = "YES"
            buildForAnalyzing = "YES">
            <BuildableReference
               BuildableIdentifier = "primary"
               BlueprintIdentifier = "422D46201219DEFF003FD94D"
               BuildableName = "all"
               BlueprintName = "all"
               ReferencedContainer = "container:breseq.xcodeproj">
            </BuildableReference>
         </BuildActionEntry>
         <BuildActionEntry
            buildForTesting = "YES"
            buildForRunning = "YES"
            buildForProfiling = "YES"
            buildForArchiving = "YES"
            buildForAnalyzing = "YES">
            <BuildableReference
               BuildableIdentifier = "primary"
               BlueprintIdentifier = "42B6EDB811C69CC70075F8A3"
               BuildableName = "breseq"
               BlueprintName = "breseq_cmdline"
               ReferencedContainer = "container:breseq.xcodeproj">
            </BuildableReference>
         </BuildActionEntry>
      </BuildActionEntries>
   </BuildAction>
   <TestAction
      selectedDebuggerIdentifier = "Xcode.DebuggerFoundation.Debugger.GDB"
      selectedLauncherIdentifier = "Xcode.DebuggerFoundation.Launcher.GDB"
      shouldUseLaunchSchemeArgsEnv = "YES"
      buildConfiguration = "Debug">
      <Testables>
      </Testables>
      <MacroExpansion>
         <BuildableReference
            BuildableIdentifier = "primary"
            BlueprintIdentifier = "42B6EDB811C69CC70075F8A3"
            BuildableName = "breseq"
            BlueprintName = "breseq_cmdline"
            ReferencedContainer = "container:breseq.xcodeproj">
         </BuildableReference>
      </MacroExpansion>
   </TestAction>
   <LaunchAction
      selectedDebuggerIdentifier = "Xcode.DebuggerFoundation.Debugger.GDB"
      selectedLauncherIdentifier = "Xcode.DebuggerFoundation.Launcher.GDB"
      displayScaleIsEnabled = "NO"
      displayScale = "1.00"
      launchStyle = "0"
      useCustomWorkingDirectory = "YES"
      customWorkingDirectory = "/Users/strand/source/breseq/tests"
      buildConfiguration = "Debug"
      debugDocumentVersioning = "YES"
      allowLocationSimulation = "YES">
      <BuildableProductRunnable>
         <BuildableReference
            BuildableIdentifier = "primary"
            BlueprintIdentifier = "42B6EDB811C69CC70075F8A3"
            BuildableName = "breseq"
            BlueprintName = "breseq_cmdline"
            ReferencedContainer = "container:breseq.xcodeproj">
         </BuildableReference>
      </BuildableProductRunnable>
      <CommandLineArguments>
         <CommandLineArgument
            argument = "CONVERT_BULL_FORM --input /Users/austin/Desktop/bull_form_test.txt --features /Users/austin/Desktop/bull_form_test.tab"
            isEnabled = "NO">
         </CommandLineArgument>
         <CommandLineArgument
            argument = "ANALYZE_FASTQ --input /Users/austin/Desktop/breseq_working/EcoliB_Ara-1_test.fastq --convert /Users/austin/Desktop/breseq_working/test.fastq"
            isEnabled = "NO">
         </CommandLineArgument>
         <CommandLineArgument
            argument = "CONTINGENCY_LOCI --bam 62GAVAAXX_5_GTCT_11168_p1_pool_pf/data/SortedReferenceSmalt.bam --fasta 62GAVAAXX_5_GTCT_11168_p1_pool_pf/data/reference.fasta --output out.txt --loci cloci.txt --strict"
            isEnabled = "NO">
         </CommandLineArgument>
         <CommandLineArgument
            argument = "APPLY -r data/REL606/REL606.fragment.gbk -g REL606_fragment_is_mediated_dels/output/output.gd -f strandtest.fasta -3 strandtest.gff3"
            isEnabled = "NO">
         </CommandLineArgument>
         <CommandLineArgument
            argument = "APPLY"
            isEnabled = "NO">
         </CommandLineArgument>
         <CommandLineArgument
            argument = "-o STRANDTEST/ -r data/lambda/lambda.gbk data/lambda/lambda_mixed_population.fastq"
            isEnabled = "YES">
         </CommandLineArgument>
      </CommandLineArguments>
      <EnvironmentVariables>
         <EnvironmentVariable
            key = "PATH"
            value = "/local/bin:$PATH"
            isEnabled = "YES">
         </EnvironmentVariable>
      </EnvironmentVariables>
      <AdditionalOptions>
      </AdditionalOptions>
   </LaunchAction>
   <ProfileAction
      displayScaleIsEnabled = "NO"
      displayScale = "1.00"
      shouldUseLaunchSchemeArgsEnv = "YES"
      savedToolIdentifier = "/Developer/Applications/Instruments.app/Contents/Resources/templates/Allocations.tracetemplate"
      useCustomWorkingDirectory = "YES"
      customWorkingDirectory = "/Users/strand/source/breseq/tests"
      buildConfiguration = "Debug"
      debugDocumentVersioning = "YES">
      <BuildableProductRunnable>
         <BuildableReference
            BuildableIdentifier = "primary"
            BlueprintIdentifier = "42B6EDB811C69CC70075F8A3"
            BuildableName = "breseq"
            BlueprintName = "breseq_cmdline"
            ReferencedContainer = "container:breseq.xcodeproj">
         </BuildableReference>
      </BuildableProductRunnable>
   </ProfileAction>
   <AnalyzeAction
      buildConfiguration = "Debug">
   </AnalyzeAction>
   <ArchiveAction
      buildConfiguration = "Release"
      revealArchiveInOrganizer = "YES">
   </ArchiveAction>
</Scheme>
