<?xml version="1.0" encoding="UTF-8"?>
<Scheme
   version = "1.3">
   <BuildAction
      parallelizeBuildables = "YES"
      buildImplicitDependencies = "YES">
      <BuildActionEntries>
         <BuildActionEntry
            buildForTesting = "YES"
            buildForRunning = "YES"
            buildForProfiling = "YES"
            buildForArchiving = "YES"
            buildForAnalyzing = "YES">
            <BuildableReference
               BuildableIdentifier = "primary"
               BlueprintIdentifier = "42B6EDB811C69CC70075F8A3"
               BuildableName = "cbreseq"
               BlueprintName = "breseq_cmdline"
               ReferencedContainer = "container:breseq.xcodeproj">
            </BuildableReference>
         </BuildActionEntry>
      </BuildActionEntries>
   </BuildAction>
   <TestAction
      selectedDebuggerIdentifier = "Xcode.DebuggerFoundation.Debugger.GDB"
      selectedLauncherIdentifier = "Xcode.DebuggerFoundation.Launcher.GDB"
      shouldUseLaunchSchemeArgsEnv = "YES"
      buildConfiguration = "Debug">
      <Testables>
      </Testables>
   </TestAction>
   <LaunchAction
      selectedDebuggerIdentifier = "Xcode.DebuggerFoundation.Debugger.GDB"
      selectedLauncherIdentifier = "Xcode.DebuggerFoundation.Launcher.GDB"
      displayScaleIsEnabled = "NO"
      displayScale = "1.00"
      launchStyle = "0"
      useCustomWorkingDirectory = "YES"
      customWorkingDirectory = "/Users/jbarrick/tmp/morris"
      buildConfiguration = "Debug">
      <BuildableProductRunnable>
         <BuildableReference
            BuildableIdentifier = "primary"
            BlueprintIdentifier = "42B6EDB811C69CC70075F8A3"
            BuildableName = "cbreseq"
            BlueprintName = "breseq_cmdline"
            ReferencedContainer = "container:breseq.xcodeproj">
         </BuildableReference>
      </BuildableProductRunnable>
      <CommandLineArguments>
         <CommandLineArgument
            argument = "-r /Users/jbarrick/db/lenski/REL606.gbk CT-A_TGACCA_L002_R1_001_pf.fastq CT-A_TGACCA_L004_R1_001_pf.fastq CT-A_TGACCA_L006_R1_001_pf.fastq CT-A_TGACCA_L008_R1_001_pf.fastq"
            isEnabled = "NO">
         </CommandLineArgument>
         <CommandLineArgument
            argument = "-o tests/bull_2 -r tests/bull_2/../data/bull/bull_2.gbk tests/bull_2/../data/bull/bull_2.fastq"
            isEnabled = "NO">
         </CommandLineArgument>
         <CommandLineArgument
            argument = "-o tests/lambda_mixed_pop_bad_contigs -r tests/lambda_mixed_pop_bad_contigs/../data/lambda/lambda.gbk -r tests/lambda_mixed_pop_bad_contigs/../data/lambda/other.gbk -r tests/lambda_mixed_pop_bad_contigs/../data/REL606/REL606.fragment.gbk tests/lambda_mixed_pop_bad_contigs/../data/lambda/lambda_mixed_population.fastq"
            isEnabled = "NO">
         </CommandLineArgument>
         <CommandLineArgument
            argument = "-r NC_007604.1.gbk -r NC_004073.2.gbk -r NC_004990.1.gbk JM24a_GGCTAC_L002_R1_001_pf.fastq JM24a_GGCTAC_L004_R1_001_pf.fastq JM24a_GGCTAC_L006_R1_001_pf.fastq JM24a_GGCTAC_L008_R1_001_pf.fastq"
            isEnabled = "YES">
         </CommandLineArgument>
      </CommandLineArguments>
      <EnvironmentVariables>
         <EnvironmentVariable
            key = "PATH"
            value = "/opt/local/bin:$HOME/local/bin:$PATH"
            isEnabled = "YES">
         </EnvironmentVariable>
      </EnvironmentVariables>
      <AdditionalOptions>
      </AdditionalOptions>
   </LaunchAction>
   <ProfileAction
      displayScaleIsEnabled = "NO"
      displayScale = "1.00"
      shouldUseLaunchSchemeArgsEnv = "YES"
      savedToolIdentifier = ""
      useCustomWorkingDirectory = "NO"
      buildConfiguration = "Release">
      <BuildableProductRunnable>
         <BuildableReference
            BuildableIdentifier = "primary"
            BlueprintIdentifier = "42B6EDB811C69CC70075F8A3"
            BuildableName = "cbreseq"
            BlueprintName = "breseq_cmdline"
            ReferencedContainer = "container:breseq.xcodeproj">
         </BuildableReference>
      </BuildableProductRunnable>
   </ProfileAction>
   <AnalyzeAction
      buildConfiguration = "Debug">
   </AnalyzeAction>
   <ArchiveAction
      buildConfiguration = "Release"
      revealArchiveInOrganizer = "YES">
   </ArchiveAction>
</Scheme>
